// !$*UTF8*$!
{
	archiveVersion = 1;
	classes = {
	};
	objectVersion = 56;
	objects = {

/* Begin PBXBuildFile section */
		0C79EE612A76DCD600EE90EA /* NftByIdRequest.swift in Sources */ = {isa = PBXBuildFile; fileRef = 0C79EE602A76DCD600EE90EA /* NftByIdRequest.swift */; };
		0C79EE632A76DD1900EE90EA /* RequestConstants.swift in Sources */ = {isa = PBXBuildFile; fileRef = 0C79EE622A76DD1900EE90EA /* RequestConstants.swift */; };
		0C79EE662A76DDFF00EE90EA /* NftDetailViewController.swift in Sources */ = {isa = PBXBuildFile; fileRef = 0C79EE652A76DDFF00EE90EA /* NftDetailViewController.swift */; };
		0C79EE682A76DE0900EE90EA /* NftDetailPresenter.swift in Sources */ = {isa = PBXBuildFile; fileRef = 0C79EE672A76DE0900EE90EA /* NftDetailPresenter.swift */; };
		0C79EE6A2A76DE1000EE90EA /* NftDetailAssembly.swift in Sources */ = {isa = PBXBuildFile; fileRef = 0C79EE692A76DE1000EE90EA /* NftDetailAssembly.swift */; };
		0C79EE6C2A76DE2E00EE90EA /* ServicesAssemly.swift in Sources */ = {isa = PBXBuildFile; fileRef = 0C79EE6B2A76DE2E00EE90EA /* ServicesAssemly.swift */; };
		0CF2C2DB2A783C1B00FDC837 /* LoadingView.swift in Sources */ = {isa = PBXBuildFile; fileRef = 0CF2C2DA2A783C1B00FDC837 /* LoadingView.swift */; };
		0CF2C2DD2A783CE600FDC837 /* ErrorView.swift in Sources */ = {isa = PBXBuildFile; fileRef = 0CF2C2DC2A783CE600FDC837 /* ErrorView.swift */; };
		0CF2C2E12A784C7000FDC837 /* LinePageControl.swift in Sources */ = {isa = PBXBuildFile; fileRef = 0CF2C2E02A784C7000FDC837 /* LinePageControl.swift */; };
		0CFCB7402A78002A0009A829 /* NftService.swift in Sources */ = {isa = PBXBuildFile; fileRef = 0CFCB73F2A78002A0009A829 /* NftService.swift */; };
		0CFCB7422A78013E0009A829 /* Nft.swift in Sources */ = {isa = PBXBuildFile; fileRef = 0CFCB7412A78013E0009A829 /* Nft.swift */; };
		0CFCB7442A7802440009A829 /* NftDetailInput.swift in Sources */ = {isa = PBXBuildFile; fileRef = 0CFCB7432A7802440009A829 /* NftDetailInput.swift */; };
		0CFCB7462A78064B0009A829 /* NftDetailCellModel.swift in Sources */ = {isa = PBXBuildFile; fileRef = 0CFCB7452A78064B0009A829 /* NftDetailCellModel.swift */; };
		0CFCB7492A7808900009A829 /* TestCatalogController.swift in Sources */ = {isa = PBXBuildFile; fileRef = 0CFCB7482A7808900009A829 /* TestCatalogController.swift */; };
		0CFCB74B2A780EA80009A829 /* UIView+Constraints.swift in Sources */ = {isa = PBXBuildFile; fileRef = 0CFCB74A2A780EA80009A829 /* UIView+Constraints.swift */; };
		0CFCB74E2A7817DC0009A829 /* NftStorage.swift in Sources */ = {isa = PBXBuildFile; fileRef = 0CFCB74D2A7817DC0009A829 /* NftStorage.swift */; };
		3F478ECF29DB474E00F6D39E /* Colors.swift in Sources */ = {isa = PBXBuildFile; fileRef = 3F478ECE29DB474E00F6D39E /* Colors.swift */; };
		3F478ED129DB476500F6D39E /* Fonts.swift in Sources */ = {isa = PBXBuildFile; fileRef = 3F478ED029DB476500F6D39E /* Fonts.swift */; };
		3F68069729CBBAF100B4F915 /* AppDelegate.swift in Sources */ = {isa = PBXBuildFile; fileRef = 3F68069629CBBAF100B4F915 /* AppDelegate.swift */; };
		3F68069929CBBAF100B4F915 /* SceneDelegate.swift in Sources */ = {isa = PBXBuildFile; fileRef = 3F68069829CBBAF100B4F915 /* SceneDelegate.swift */; };
		3F68069B29CBBAF100B4F915 /* ProductDetailsTableViewController.swift in Sources */ = {isa = PBXBuildFile; fileRef = 3F68069A29CBBAF100B4F915 /* ProductDetailsTableViewController.swift */; };
		3F6806A029CBBAF200B4F915 /* Assets.xcassets in Resources */ = {isa = PBXBuildFile; fileRef = 3F68069F29CBBAF200B4F915 /* Assets.xcassets */; };
		3F6806A329CBBAF200B4F915 /* LaunchScreen.storyboard in Resources */ = {isa = PBXBuildFile; fileRef = 3F6806A129CBBAF200B4F915 /* LaunchScreen.storyboard */; };
		3F6806AE29CBBAF200B4F915 /* ExampleUnitTests.swift in Sources */ = {isa = PBXBuildFile; fileRef = 3F6806AD29CBBAF200B4F915 /* ExampleUnitTests.swift */; };
		3F6806B829CBBAF200B4F915 /* FakeNFTUITests.swift in Sources */ = {isa = PBXBuildFile; fileRef = 3F6806B729CBBAF200B4F915 /* FakeNFTUITests.swift */; };
		3F6806D129CBBE6B00B4F915 /* NetworkClient.swift in Sources */ = {isa = PBXBuildFile; fileRef = 3F6806D029CBBE6B00B4F915 /* NetworkClient.swift */; };
		3F6806D329CBBE9600B4F915 /* NetworkRequest.swift in Sources */ = {isa = PBXBuildFile; fileRef = 3F6806D229CBBE9600B4F915 /* NetworkRequest.swift */; };
		3F6806D529CBBEC700B4F915 /* NetworkTask.swift in Sources */ = {isa = PBXBuildFile; fileRef = 3F6806D429CBBEC700B4F915 /* NetworkTask.swift */; };
		3F6806D729CBC50A00B4F915 /* CellsReusingUtils.swift in Sources */ = {isa = PBXBuildFile; fileRef = 3F6806D629CBC50A00B4F915 /* CellsReusingUtils.swift */; };
		3FC8C38B29D242E90081F015 /* ProductDetailsTableViewCell.swift in Sources */ = {isa = PBXBuildFile; fileRef = 3FC8C38A29D242E90081F015 /* ProductDetailsTableViewCell.swift */; };
		3FC8C39329D246BA0081F015 /* DateFormatters+Presets.swift in Sources */ = {isa = PBXBuildFile; fileRef = 3FC8C39229D246BA0081F015 /* DateFormatters+Presets.swift */; };
		6D44594779F73D7FF98982B1 /* Pods_FakeNFTTests.framework in Frameworks */ = {isa = PBXBuildFile; fileRef = 90FAC42DA72245C005D5FEE5 /* Pods_FakeNFTTests.framework */; };
		79143C6D2BB88A0B007E2AAB /* CatalogViewController.swift in Sources */ = {isa = PBXBuildFile; fileRef = 79143C6C2BB88A0B007E2AAB /* CatalogViewController.swift */; };
		79143C6F2BB88A19007E2AAB /* CatalogView.swift in Sources */ = {isa = PBXBuildFile; fileRef = 79143C6E2BB88A19007E2AAB /* CatalogView.swift */; };
		79143C712BB88A27007E2AAB /* CatalogCell.swift in Sources */ = {isa = PBXBuildFile; fileRef = 79143C702BB88A27007E2AAB /* CatalogCell.swift */; };
		79143C732BB88A7E007E2AAB /* CatalogPresenter.swift in Sources */ = {isa = PBXBuildFile; fileRef = 79143C722BB88A7E007E2AAB /* CatalogPresenter.swift */; };
		79143C752BB8A787007E2AAB /* UIImage+Extensions.swift in Sources */ = {isa = PBXBuildFile; fileRef = 79143C742BB8A787007E2AAB /* UIImage+Extensions.swift */; };
		79143C772BB9479E007E2AAB /* BaseNftRequest.swift in Sources */ = {isa = PBXBuildFile; fileRef = 79143C762BB9479E007E2AAB /* BaseNftRequest.swift */; };
		79143C792BB95281007E2AAB /* NftCollectionView.swift in Sources */ = {isa = PBXBuildFile; fileRef = 79143C782BB95281007E2AAB /* NftCollectionView.swift */; };
		794363222BB7EEBD00F3F527 /* Localizable.strings in Resources */ = {isa = PBXBuildFile; fileRef = 794363242BB7EEBD00F3F527 /* Localizable.strings */; };
		794363292BB7FB3D00F3F527 /* String+Extension.swift in Sources */ = {isa = PBXBuildFile; fileRef = 794363282BB7FB3D00F3F527 /* String+Extension.swift */; };
		7943632B2BB7FBB400F3F527 /* StatLog.swift in Sources */ = {isa = PBXBuildFile; fileRef = 7943632A2BB7FBB400F3F527 /* StatLog.swift */; };
		7943632D2BB830B900F3F527 /* UIImages.swift in Sources */ = {isa = PBXBuildFile; fileRef = 7943632C2BB830B900F3F527 /* UIImages.swift */; };
		7943632F2BB8364500F3F527 /* DIContainer.swift in Sources */ = {isa = PBXBuildFile; fileRef = 7943632E2BB8364500F3F527 /* DIContainer.swift */; };
		91013CC72BC7D26800105D5E /* FavoritesNFTPresenter.swift in Sources */ = {isa = PBXBuildFile; fileRef = 91013CC62BC7D26800105D5E /* FavoritesNFTPresenter.swift */; };
		91013CC92BC7D28000105D5E /* FavoritesNFTContract.swift in Sources */ = {isa = PBXBuildFile; fileRef = 91013CC82BC7D28000105D5E /* FavoritesNFTContract.swift */; };
		91013CD12BCFA36100105D5E /* EditProfileContract.swift in Sources */ = {isa = PBXBuildFile; fileRef = 91013CD02BCFA36100105D5E /* EditProfileContract.swift */; };
		91013CD32BCFA62E00105D5E /* EditProfilePresenter.swift in Sources */ = {isa = PBXBuildFile; fileRef = 91013CD22BCFA62E00105D5E /* EditProfilePresenter.swift */; };
		91013CD52BCFC6F000105D5E /* EditProfile.swift in Sources */ = {isa = PBXBuildFile; fileRef = 91013CD42BCFC6F000105D5E /* EditProfile.swift */; };
		91013CD72BCFCAB600105D5E /* EditProfileService.swift in Sources */ = {isa = PBXBuildFile; fileRef = 91013CD62BCFCAB600105D5E /* EditProfileService.swift */; };
		91013CDA2BD0075D00105D5E /* AboutDeveloperViewController.swift in Sources */ = {isa = PBXBuildFile; fileRef = 91013CD92BD0075D00105D5E /* AboutDeveloperViewController.swift */; };
		91995DDB2BB15591007F51C7 /* Profile.md in Resources */ = {isa = PBXBuildFile; fileRef = 91995DDA2BB15591007F51C7 /* Profile.md */; };
		91995DDD2BB18C39007F51C7 /* ProfileViewController.swift in Sources */ = {isa = PBXBuildFile; fileRef = 91995DDC2BB18C39007F51C7 /* ProfileViewController.swift */; };
		91995DE12BB80A11007F51C7 /* ProfileTableCell.swift in Sources */ = {isa = PBXBuildFile; fileRef = 91995DE02BB80A11007F51C7 /* ProfileTableCell.swift */; };
		91995DE42BB81F28007F51C7 /* MyNFTViewController.swift in Sources */ = {isa = PBXBuildFile; fileRef = 91995DE32BB81F28007F51C7 /* MyNFTViewController.swift */; };
		91995DE62BB94C3C007F51C7 /* MyNFTTableCell.swift in Sources */ = {isa = PBXBuildFile; fileRef = 91995DE52BB94C3C007F51C7 /* MyNFTTableCell.swift */; };
		91995DE92BBBF8FD007F51C7 /* FavoritesNFTViewController.swift in Sources */ = {isa = PBXBuildFile; fileRef = 91995DE82BBBF8FD007F51C7 /* FavoritesNFTViewController.swift */; };
		91995DEB2BBBFF66007F51C7 /* FavoritesNFTCollectionViewCell.swift in Sources */ = {isa = PBXBuildFile; fileRef = 91995DEA2BBBFF66007F51C7 /* FavoritesNFTCollectionViewCell.swift */; };
		91995DEE2BBE74AB007F51C7 /* EditProfileViewController.swift in Sources */ = {isa = PBXBuildFile; fileRef = 91995DED2BBE74AB007F51C7 /* EditProfileViewController.swift */; };
		91995DF02BC3B09E007F51C7 /* PofilePresenter.swift in Sources */ = {isa = PBXBuildFile; fileRef = 91995DEF2BC3B09E007F51C7 /* PofilePresenter.swift */; };
		91995DF22BC3B1F2007F51C7 /* Profile.swift in Sources */ = {isa = PBXBuildFile; fileRef = 91995DF12BC3B1F2007F51C7 /* Profile.swift */; };
		91995DF82BC3BE1B007F51C7 /* ProfileStorage.swift in Sources */ = {isa = PBXBuildFile; fileRef = 91995DF72BC3BE1B007F51C7 /* ProfileStorage.swift */; };
		91995DFA2BC3E7B0007F51C7 /* ProfileContract.swift in Sources */ = {isa = PBXBuildFile; fileRef = 91995DF92BC3E7B0007F51C7 /* ProfileContract.swift */; };
		91995DFD2BC51277007F51C7 /* MyNFTPresenter.swift in Sources */ = {isa = PBXBuildFile; fileRef = 91995DFC2BC51277007F51C7 /* MyNFTPresenter.swift */; };
		91995DFF2BC5128C007F51C7 /* MyNFTContract.swift in Sources */ = {isa = PBXBuildFile; fileRef = 91995DFE2BC5128C007F51C7 /* MyNFTContract.swift */; };
		A7029C3449B8B0F60C9EDD9B /* Pods_FakeNFT.framework in Frameworks */ = {isa = PBXBuildFile; fileRef = 09FCE6E24A52E1534343A3D1 /* Pods_FakeNFT.framework */; };
		E19CD5AB2A98B56600CA39A5 /* NftImageCollectionViewCell.swift in Sources */ = {isa = PBXBuildFile; fileRef = E19CD5AA2A98B56600CA39A5 /* NftImageCollectionViewCell.swift */; };
		E1A1B9DA2AA01CE400C3AFBC /* TabBarController.swift in Sources */ = {isa = PBXBuildFile; fileRef = E1A1B9D92AA01CE400C3AFBC /* TabBarController.swift */; };
		E1C4485F950773155A235DC5 /* Pods_FakeNFT_FakeNFTUITests.framework in Frameworks */ = {isa = PBXBuildFile; fileRef = 49CED2E41A2F69CB381765C2 /* Pods_FakeNFT_FakeNFTUITests.framework */; };
		F00DF4AF2BB06C2900825462 /* StatisticsViewController.swift in Sources */ = {isa = PBXBuildFile; fileRef = F00DF4AE2BB06C2900825462 /* StatisticsViewController.swift */; };
		F00DF4B12BB0726D00825462 /* StatisticsTableViewCell.swift in Sources */ = {isa = PBXBuildFile; fileRef = F00DF4B02BB0726D00825462 /* StatisticsTableViewCell.swift */; };
		F00DF4B32BB0806A00825462 /* StatisticsPresenter.swift in Sources */ = {isa = PBXBuildFile; fileRef = F00DF4B22BB0806A00825462 /* StatisticsPresenter.swift */; };
		F00DF4B52BB0822400825462 /* StatisticsViewProtocol.swift in Sources */ = {isa = PBXBuildFile; fileRef = F00DF4B42BB0822400825462 /* StatisticsViewProtocol.swift */; };
		F00DF4B72BB21DE000825462 /* User.swift in Sources */ = {isa = PBXBuildFile; fileRef = F00DF4B62BB21DE000825462 /* User.swift */; };
		F00DF4B92BB3351600825462 /* UsersRequest.swift in Sources */ = {isa = PBXBuildFile; fileRef = F00DF4B82BB3351600825462 /* UsersRequest.swift */; };
		F00DF4BB2BB338A900825462 /* UsersStorage.swift in Sources */ = {isa = PBXBuildFile; fileRef = F00DF4BA2BB338A900825462 /* UsersStorage.swift */; };
		F00DF4BD2BB33A8C00825462 /* UsersService.swift in Sources */ = {isa = PBXBuildFile; fileRef = F00DF4BC2BB33A8C00825462 /* UsersService.swift */; };
		F00DF4C72BBF094A00825462 /* UserDefaultsKeys.swift in Sources */ = {isa = PBXBuildFile; fileRef = F00DF4C62BBF094A00825462 /* UserDefaultsKeys.swift */; };
		F02852A32BCED7DC00688074 /* StatisticsPresenterTests.swift in Sources */ = {isa = PBXBuildFile; fileRef = F02852A22BCED7DC00688074 /* StatisticsPresenterTests.swift */; };
		F02852A52BCED82800688074 /* StatisticsViewControllerMock.swift in Sources */ = {isa = PBXBuildFile; fileRef = F02852A42BCED82800688074 /* StatisticsViewControllerMock.swift */; };
		F02852A72BCEDC4A00688074 /* ServiceMock.swift in Sources */ = {isa = PBXBuildFile; fileRef = F02852A62BCEDC4A00688074 /* ServiceMock.swift */; };
		F02852AA2BD05D6A00688074 /* StatisticsViewTests.swift in Sources */ = {isa = PBXBuildFile; fileRef = F02852A92BD05D6A00688074 /* StatisticsViewTests.swift */; };
		F02852AC2BD05F7B00688074 /* StatisticsPresenterMock.swift in Sources */ = {isa = PBXBuildFile; fileRef = F02852AB2BD05F7B00688074 /* StatisticsPresenterMock.swift */; };
		F02852AE2BD065A200688074 /* StatlogMock.swift in Sources */ = {isa = PBXBuildFile; fileRef = F02852AD2BD065A200688074 /* StatlogMock.swift */; };
		F02852B22BD072C700688074 /* UserCardPresenterTests.swift in Sources */ = {isa = PBXBuildFile; fileRef = F02852B12BD072C700688074 /* UserCardPresenterTests.swift */; };
		F02852B42BD073C400688074 /* UserCardViewMock.swift in Sources */ = {isa = PBXBuildFile; fileRef = F02852B32BD073C400688074 /* UserCardViewMock.swift */; };
		F02852B62BD185DD00688074 /* UserCardViewTests.swift in Sources */ = {isa = PBXBuildFile; fileRef = F02852B52BD185DD00688074 /* UserCardViewTests.swift */; };
		F02852B82BD186F000688074 /* UserCardPresenterMock.swift in Sources */ = {isa = PBXBuildFile; fileRef = F02852B72BD186F000688074 /* UserCardPresenterMock.swift */; };
		F02852BA2BD1B41A00688074 /* ViewBuilder.swift in Sources */ = {isa = PBXBuildFile; fileRef = F02852B92BD1B40E00688074 /* ViewBuilder.swift */; };
		F02852C12BD4762B00688074 /* UsersCollectionViewController.swift in Sources */ = {isa = PBXBuildFile; fileRef = F02852C02BD4762B00688074 /* UsersCollectionViewController.swift */; };
		F02852C32BD4766700688074 /* UsersCollectionCell.swift in Sources */ = {isa = PBXBuildFile; fileRef = F02852C22BD4766700688074 /* UsersCollectionCell.swift */; };
		F02852C52BD4767A00688074 /* UsersCollectionPresenter.swift in Sources */ = {isa = PBXBuildFile; fileRef = F02852C42BD4767A00688074 /* UsersCollectionPresenter.swift */; };
		F02852C72BD5110200688074 /* UsersCollectionViewProtocol.swift in Sources */ = {isa = PBXBuildFile; fileRef = F02852C62BD5110200688074 /* UsersCollectionViewProtocol.swift */; };
		F0CAAC942BD985F60042C2C4 /* CartRequestGet.swift in Sources */ = {isa = PBXBuildFile; fileRef = F0CAAC922BD985F60042C2C4 /* CartRequestGet.swift */; };
		F0CAAC952BD985F60042C2C4 /* CartRequestPut.swift in Sources */ = {isa = PBXBuildFile; fileRef = F0CAAC932BD985F60042C2C4 /* CartRequestPut.swift */; };
		F0CAAC9B2BD988D10042C2C4 /* CartModel.swift in Sources */ = {isa = PBXBuildFile; fileRef = F0CAAC9A2BD988D10042C2C4 /* CartModel.swift */; };
		F0CAAC9E2BD98B120042C2C4 /* CartService.swift in Sources */ = {isa = PBXBuildFile; fileRef = F0CAAC9D2BD98B120042C2C4 /* CartService.swift */; };
		F0CAACA02BDAC4A80042C2C4 /* ProfileByRequest.swift in Sources */ = {isa = PBXBuildFile; fileRef = F0CAAC9F2BDAC4A80042C2C4 /* ProfileByRequest.swift */; };
		F0CAACA22BDAC4E30042C2C4 /* ProfileService.swift in Sources */ = {isa = PBXBuildFile; fileRef = F0CAACA12BDAC4E30042C2C4 /* ProfileService.swift */; };
		F0CAACA92BDAD6AD0042C2C4 /* UsersCollectionPresenterProtocol.swift in Sources */ = {isa = PBXBuildFile; fileRef = F0CAACA82BDAD6AD0042C2C4 /* UsersCollectionPresenterProtocol.swift */; };
		F0CAACAB2BDAD78B0042C2C4 /* StatisticsPresenterProtocol.swift in Sources */ = {isa = PBXBuildFile; fileRef = F0CAACAA2BDAD78B0042C2C4 /* StatisticsPresenterProtocol.swift */; };
		F0CAACAD2BDAD7BC0042C2C4 /* UserCardPresenterProtocol.swift in Sources */ = {isa = PBXBuildFile; fileRef = F0CAACAC2BDAD7BC0042C2C4 /* UserCardPresenterProtocol.swift */; };
		F0D195062BC72F9700FEAFCA /* WebViewController.swift in Sources */ = {isa = PBXBuildFile; fileRef = F0D195052BC72F9700FEAFCA /* WebViewController.swift */; };
		F0D195082BC7307100FEAFCA /* WebViewPresenter.swift in Sources */ = {isa = PBXBuildFile; fileRef = F0D195072BC7307100FEAFCA /* WebViewPresenter.swift */; };
		F0E68FBB2BC086960032AD69 /* ProgressHUD in Frameworks */ = {isa = PBXBuildFile; productRef = F0E68FBA2BC086960032AD69 /* ProgressHUD */; };
		F0E68FBE2BC086EC0032AD69 /* Kingfisher in Frameworks */ = {isa = PBXBuildFile; productRef = F0E68FBD2BC086EC0032AD69 /* Kingfisher */; };
		F0E68FC02BC2F1320032AD69 /* UserCardViewController.swift in Sources */ = {isa = PBXBuildFile; fileRef = F0E68FBF2BC2F1310032AD69 /* UserCardViewController.swift */; };
		F0E68FC22BC3093F0032AD69 /* UserCardPresenter.swift in Sources */ = {isa = PBXBuildFile; fileRef = F0E68FC12BC3093F0032AD69 /* UserCardPresenter.swift */; };
		F0E68FC42BC31D710032AD69 /* UserCardViewProtocol.swift in Sources */ = {isa = PBXBuildFile; fileRef = F0E68FC32BC31D710032AD69 /* UserCardViewProtocol.swift */; };
/* End PBXBuildFile section */

/* Begin PBXContainerItemProxy section */
		3F6806AA29CBBAF200B4F915 /* PBXContainerItemProxy */ = {
			isa = PBXContainerItemProxy;
			containerPortal = 3F68068B29CBBAF100B4F915 /* Project object */;
			proxyType = 1;
			remoteGlobalIDString = 3F68069229CBBAF100B4F915;
			remoteInfo = FakeNFT;
		};
		3F6806B429CBBAF200B4F915 /* PBXContainerItemProxy */ = {
			isa = PBXContainerItemProxy;
			containerPortal = 3F68068B29CBBAF100B4F915 /* Project object */;
			proxyType = 1;
			remoteGlobalIDString = 3F68069229CBBAF100B4F915;
			remoteInfo = FakeNFT;
		};
/* End PBXContainerItemProxy section */

/* Begin PBXFileReference section */
		09FCE6E24A52E1534343A3D1 /* Pods_FakeNFT.framework */ = {isa = PBXFileReference; explicitFileType = wrapper.framework; includeInIndex = 0; path = Pods_FakeNFT.framework; sourceTree = BUILT_PRODUCTS_DIR; };
		0C79EE602A76DCD600EE90EA /* NftByIdRequest.swift */ = {isa = PBXFileReference; lastKnownFileType = sourcecode.swift; path = NftByIdRequest.swift; sourceTree = "<group>"; };
		0C79EE622A76DD1900EE90EA /* RequestConstants.swift */ = {isa = PBXFileReference; lastKnownFileType = sourcecode.swift; path = RequestConstants.swift; sourceTree = "<group>"; };
		0C79EE652A76DDFF00EE90EA /* NftDetailViewController.swift */ = {isa = PBXFileReference; lastKnownFileType = sourcecode.swift; path = NftDetailViewController.swift; sourceTree = "<group>"; };
		0C79EE672A76DE0900EE90EA /* NftDetailPresenter.swift */ = {isa = PBXFileReference; lastKnownFileType = sourcecode.swift; path = NftDetailPresenter.swift; sourceTree = "<group>"; };
		0C79EE692A76DE1000EE90EA /* NftDetailAssembly.swift */ = {isa = PBXFileReference; lastKnownFileType = sourcecode.swift; path = NftDetailAssembly.swift; sourceTree = "<group>"; };
		0C79EE6B2A76DE2E00EE90EA /* ServicesAssemly.swift */ = {isa = PBXFileReference; lastKnownFileType = sourcecode.swift; path = ServicesAssemly.swift; sourceTree = "<group>"; };
		0CF2C2DA2A783C1B00FDC837 /* LoadingView.swift */ = {isa = PBXFileReference; lastKnownFileType = sourcecode.swift; path = LoadingView.swift; sourceTree = "<group>"; };
		0CF2C2DC2A783CE600FDC837 /* ErrorView.swift */ = {isa = PBXFileReference; lastKnownFileType = sourcecode.swift; path = ErrorView.swift; sourceTree = "<group>"; };
		0CF2C2E02A784C7000FDC837 /* LinePageControl.swift */ = {isa = PBXFileReference; lastKnownFileType = sourcecode.swift; path = LinePageControl.swift; sourceTree = "<group>"; };
		0CFCB73F2A78002A0009A829 /* NftService.swift */ = {isa = PBXFileReference; lastKnownFileType = sourcecode.swift; path = NftService.swift; sourceTree = "<group>"; };
		0CFCB7412A78013E0009A829 /* Nft.swift */ = {isa = PBXFileReference; lastKnownFileType = sourcecode.swift; path = Nft.swift; sourceTree = "<group>"; };
		0CFCB7432A7802440009A829 /* NftDetailInput.swift */ = {isa = PBXFileReference; lastKnownFileType = sourcecode.swift; path = NftDetailInput.swift; sourceTree = "<group>"; };
		0CFCB7452A78064B0009A829 /* NftDetailCellModel.swift */ = {isa = PBXFileReference; lastKnownFileType = sourcecode.swift; path = NftDetailCellModel.swift; sourceTree = "<group>"; };
		0CFCB7482A7808900009A829 /* TestCatalogController.swift */ = {isa = PBXFileReference; lastKnownFileType = sourcecode.swift; path = TestCatalogController.swift; sourceTree = "<group>"; };
		0CFCB74A2A780EA80009A829 /* UIView+Constraints.swift */ = {isa = PBXFileReference; lastKnownFileType = sourcecode.swift; path = "UIView+Constraints.swift"; sourceTree = "<group>"; };
		0CFCB74D2A7817DC0009A829 /* NftStorage.swift */ = {isa = PBXFileReference; lastKnownFileType = sourcecode.swift; path = NftStorage.swift; sourceTree = "<group>"; };
		26A7F681412E8136EAAF4230 /* Pods-FakeNFTTests.debug.xcconfig */ = {isa = PBXFileReference; includeInIndex = 1; lastKnownFileType = text.xcconfig; name = "Pods-FakeNFTTests.debug.xcconfig"; path = "Target Support Files/Pods-FakeNFTTests/Pods-FakeNFTTests.debug.xcconfig"; sourceTree = "<group>"; };
		3F478ECE29DB474E00F6D39E /* Colors.swift */ = {isa = PBXFileReference; lastKnownFileType = sourcecode.swift; path = Colors.swift; sourceTree = "<group>"; };
		3F478ED029DB476500F6D39E /* Fonts.swift */ = {isa = PBXFileReference; lastKnownFileType = sourcecode.swift; path = Fonts.swift; sourceTree = "<group>"; };
		3F68069329CBBAF100B4F915 /* FakeNFT.app */ = {isa = PBXFileReference; explicitFileType = wrapper.application; includeInIndex = 0; path = FakeNFT.app; sourceTree = BUILT_PRODUCTS_DIR; };
		3F68069629CBBAF100B4F915 /* AppDelegate.swift */ = {isa = PBXFileReference; lastKnownFileType = sourcecode.swift; path = AppDelegate.swift; sourceTree = "<group>"; };
		3F68069829CBBAF100B4F915 /* SceneDelegate.swift */ = {isa = PBXFileReference; lastKnownFileType = sourcecode.swift; path = SceneDelegate.swift; sourceTree = "<group>"; };
		3F68069A29CBBAF100B4F915 /* ProductDetailsTableViewController.swift */ = {isa = PBXFileReference; lastKnownFileType = sourcecode.swift; path = ProductDetailsTableViewController.swift; sourceTree = "<group>"; };
		3F68069F29CBBAF200B4F915 /* Assets.xcassets */ = {isa = PBXFileReference; lastKnownFileType = folder.assetcatalog; path = Assets.xcassets; sourceTree = "<group>"; };
		3F6806A229CBBAF200B4F915 /* Base */ = {isa = PBXFileReference; lastKnownFileType = file.storyboard; name = Base; path = Base.lproj/LaunchScreen.storyboard; sourceTree = "<group>"; };
		3F6806A429CBBAF200B4F915 /* Info.plist */ = {isa = PBXFileReference; lastKnownFileType = text.plist.xml; path = Info.plist; sourceTree = "<group>"; };
		3F6806A929CBBAF200B4F915 /* FakeNFTTests.xctest */ = {isa = PBXFileReference; explicitFileType = wrapper.cfbundle; includeInIndex = 0; path = FakeNFTTests.xctest; sourceTree = BUILT_PRODUCTS_DIR; };
		3F6806AD29CBBAF200B4F915 /* ExampleUnitTests.swift */ = {isa = PBXFileReference; lastKnownFileType = sourcecode.swift; path = ExampleUnitTests.swift; sourceTree = "<group>"; };
		3F6806B329CBBAF200B4F915 /* FakeNFTUITests.xctest */ = {isa = PBXFileReference; explicitFileType = wrapper.cfbundle; includeInIndex = 0; path = FakeNFTUITests.xctest; sourceTree = BUILT_PRODUCTS_DIR; };
		3F6806B729CBBAF200B4F915 /* FakeNFTUITests.swift */ = {isa = PBXFileReference; lastKnownFileType = sourcecode.swift; path = FakeNFTUITests.swift; sourceTree = "<group>"; };
		3F6806D029CBBE6B00B4F915 /* NetworkClient.swift */ = {isa = PBXFileReference; lastKnownFileType = sourcecode.swift; path = NetworkClient.swift; sourceTree = "<group>"; };
		3F6806D229CBBE9600B4F915 /* NetworkRequest.swift */ = {isa = PBXFileReference; lastKnownFileType = sourcecode.swift; path = NetworkRequest.swift; sourceTree = "<group>"; };
		3F6806D429CBBEC700B4F915 /* NetworkTask.swift */ = {isa = PBXFileReference; lastKnownFileType = sourcecode.swift; path = NetworkTask.swift; sourceTree = "<group>"; };
		3F6806D629CBC50A00B4F915 /* CellsReusingUtils.swift */ = {isa = PBXFileReference; lastKnownFileType = sourcecode.swift; path = CellsReusingUtils.swift; sourceTree = "<group>"; };
		3FC8C38A29D242E90081F015 /* ProductDetailsTableViewCell.swift */ = {isa = PBXFileReference; lastKnownFileType = sourcecode.swift; path = ProductDetailsTableViewCell.swift; sourceTree = "<group>"; };
		3FC8C39229D246BA0081F015 /* DateFormatters+Presets.swift */ = {isa = PBXFileReference; lastKnownFileType = sourcecode.swift; path = "DateFormatters+Presets.swift"; sourceTree = "<group>"; };
		49CED2E41A2F69CB381765C2 /* Pods_FakeNFT_FakeNFTUITests.framework */ = {isa = PBXFileReference; explicitFileType = wrapper.framework; includeInIndex = 0; path = Pods_FakeNFT_FakeNFTUITests.framework; sourceTree = BUILT_PRODUCTS_DIR; };
		4B7270BDFC7C2FA8CCBBB473 /* Pods-FakeNFT-FakeNFTUITests.debug.xcconfig */ = {isa = PBXFileReference; includeInIndex = 1; lastKnownFileType = text.xcconfig; name = "Pods-FakeNFT-FakeNFTUITests.debug.xcconfig"; path = "Target Support Files/Pods-FakeNFT-FakeNFTUITests/Pods-FakeNFT-FakeNFTUITests.debug.xcconfig"; sourceTree = "<group>"; };
		615E40EACDDF222EDE8A9A8F /* Pods-FakeNFT.debug.xcconfig */ = {isa = PBXFileReference; includeInIndex = 1; lastKnownFileType = text.xcconfig; name = "Pods-FakeNFT.debug.xcconfig"; path = "Target Support Files/Pods-FakeNFT/Pods-FakeNFT.debug.xcconfig"; sourceTree = "<group>"; };
		7623948CF61D9F525381803F /* Pods-FakeNFTTests.debug.xcconfig */ = {isa = PBXFileReference; includeInIndex = 1; lastKnownFileType = text.xcconfig; name = "Pods-FakeNFTTests.debug.xcconfig"; path = "Target Support Files/Pods-FakeNFTTests/Pods-FakeNFTTests.debug.xcconfig"; sourceTree = "<group>"; };
		79143C6C2BB88A0B007E2AAB /* CatalogViewController.swift */ = {isa = PBXFileReference; lastKnownFileType = sourcecode.swift; path = CatalogViewController.swift; sourceTree = "<group>"; };
		79143C6E2BB88A19007E2AAB /* CatalogView.swift */ = {isa = PBXFileReference; lastKnownFileType = sourcecode.swift; path = CatalogView.swift; sourceTree = "<group>"; };
		79143C702BB88A27007E2AAB /* CatalogCell.swift */ = {isa = PBXFileReference; lastKnownFileType = sourcecode.swift; path = CatalogCell.swift; sourceTree = "<group>"; };
		79143C722BB88A7E007E2AAB /* CatalogPresenter.swift */ = {isa = PBXFileReference; lastKnownFileType = sourcecode.swift; path = CatalogPresenter.swift; sourceTree = "<group>"; };
		79143C742BB8A787007E2AAB /* UIImage+Extensions.swift */ = {isa = PBXFileReference; lastKnownFileType = sourcecode.swift; path = "UIImage+Extensions.swift"; sourceTree = "<group>"; };
		79143C762BB9479E007E2AAB /* BaseNftRequest.swift */ = {isa = PBXFileReference; lastKnownFileType = sourcecode.swift; path = BaseNftRequest.swift; sourceTree = "<group>"; };
		79143C782BB95281007E2AAB /* NftCollectionView.swift */ = {isa = PBXFileReference; lastKnownFileType = sourcecode.swift; path = NftCollectionView.swift; sourceTree = "<group>"; };
		794363232BB7EEBD00F3F527 /* ru */ = {isa = PBXFileReference; lastKnownFileType = text.plist.strings; name = ru; path = ru.lproj/Localizable.strings; sourceTree = "<group>"; };
		794363282BB7FB3D00F3F527 /* String+Extension.swift */ = {isa = PBXFileReference; fileEncoding = 4; lastKnownFileType = sourcecode.swift; path = "String+Extension.swift"; sourceTree = "<group>"; };
		7943632A2BB7FBB400F3F527 /* StatLog.swift */ = {isa = PBXFileReference; fileEncoding = 4; lastKnownFileType = sourcecode.swift; path = StatLog.swift; sourceTree = "<group>"; };
		7943632C2BB830B900F3F527 /* UIImages.swift */ = {isa = PBXFileReference; lastKnownFileType = sourcecode.swift; path = UIImages.swift; sourceTree = "<group>"; };
		7943632E2BB8364500F3F527 /* DIContainer.swift */ = {isa = PBXFileReference; lastKnownFileType = sourcecode.swift; path = DIContainer.swift; sourceTree = "<group>"; };
		90FAC42DA72245C005D5FEE5 /* Pods_FakeNFTTests.framework */ = {isa = PBXFileReference; explicitFileType = wrapper.framework; includeInIndex = 0; path = Pods_FakeNFTTests.framework; sourceTree = BUILT_PRODUCTS_DIR; };
		91013CC62BC7D26800105D5E /* FavoritesNFTPresenter.swift */ = {isa = PBXFileReference; lastKnownFileType = sourcecode.swift; path = FavoritesNFTPresenter.swift; sourceTree = "<group>"; };
		91013CC82BC7D28000105D5E /* FavoritesNFTContract.swift */ = {isa = PBXFileReference; lastKnownFileType = sourcecode.swift; path = FavoritesNFTContract.swift; sourceTree = "<group>"; };
		91013CD02BCFA36100105D5E /* EditProfileContract.swift */ = {isa = PBXFileReference; lastKnownFileType = sourcecode.swift; path = EditProfileContract.swift; sourceTree = "<group>"; };
		91013CD22BCFA62E00105D5E /* EditProfilePresenter.swift */ = {isa = PBXFileReference; lastKnownFileType = sourcecode.swift; path = EditProfilePresenter.swift; sourceTree = "<group>"; };
		91013CD42BCFC6F000105D5E /* EditProfile.swift */ = {isa = PBXFileReference; lastKnownFileType = sourcecode.swift; path = EditProfile.swift; sourceTree = "<group>"; };
		91013CD62BCFCAB600105D5E /* EditProfileService.swift */ = {isa = PBXFileReference; lastKnownFileType = sourcecode.swift; path = EditProfileService.swift; sourceTree = "<group>"; };
		91013CD92BD0075D00105D5E /* AboutDeveloperViewController.swift */ = {isa = PBXFileReference; lastKnownFileType = sourcecode.swift; path = AboutDeveloperViewController.swift; sourceTree = "<group>"; };
		91995DDA2BB15591007F51C7 /* Profile.md */ = {isa = PBXFileReference; fileEncoding = 4; lastKnownFileType = net.daringfireball.markdown; path = Profile.md; sourceTree = "<group>"; };
		91995DDC2BB18C39007F51C7 /* ProfileViewController.swift */ = {isa = PBXFileReference; lastKnownFileType = sourcecode.swift; path = ProfileViewController.swift; sourceTree = "<group>"; };
		91995DE02BB80A11007F51C7 /* ProfileTableCell.swift */ = {isa = PBXFileReference; lastKnownFileType = sourcecode.swift; path = ProfileTableCell.swift; sourceTree = "<group>"; };
		91995DE32BB81F28007F51C7 /* MyNFTViewController.swift */ = {isa = PBXFileReference; lastKnownFileType = sourcecode.swift; path = MyNFTViewController.swift; sourceTree = "<group>"; };
		91995DE52BB94C3C007F51C7 /* MyNFTTableCell.swift */ = {isa = PBXFileReference; lastKnownFileType = sourcecode.swift; path = MyNFTTableCell.swift; sourceTree = "<group>"; };
		91995DE82BBBF8FD007F51C7 /* FavoritesNFTViewController.swift */ = {isa = PBXFileReference; lastKnownFileType = sourcecode.swift; path = FavoritesNFTViewController.swift; sourceTree = "<group>"; };
		91995DEA2BBBFF66007F51C7 /* FavoritesNFTCollectionViewCell.swift */ = {isa = PBXFileReference; lastKnownFileType = sourcecode.swift; path = FavoritesNFTCollectionViewCell.swift; sourceTree = "<group>"; };
		91995DED2BBE74AB007F51C7 /* EditProfileViewController.swift */ = {isa = PBXFileReference; lastKnownFileType = sourcecode.swift; path = EditProfileViewController.swift; sourceTree = "<group>"; };
		91995DEF2BC3B09E007F51C7 /* PofilePresenter.swift */ = {isa = PBXFileReference; lastKnownFileType = sourcecode.swift; path = PofilePresenter.swift; sourceTree = "<group>"; };
		91995DF12BC3B1F2007F51C7 /* Profile.swift */ = {isa = PBXFileReference; lastKnownFileType = sourcecode.swift; path = Profile.swift; sourceTree = "<group>"; };
		91995DF32BC3BBAF007F51C7 /* ProfileService.swift */ = {isa = PBXFileReference; lastKnownFileType = sourcecode.swift; path = ProfileService.swift; sourceTree = "<group>"; };
		91995DF52BC3BC45007F51C7 /* ProfileByRequest.swift */ = {isa = PBXFileReference; lastKnownFileType = sourcecode.swift; path = ProfileByRequest.swift; sourceTree = "<group>"; };
		91995DF72BC3BE1B007F51C7 /* ProfileStorage.swift */ = {isa = PBXFileReference; lastKnownFileType = sourcecode.swift; path = ProfileStorage.swift; sourceTree = "<group>"; };
		91995DF92BC3E7B0007F51C7 /* ProfileContract.swift */ = {isa = PBXFileReference; lastKnownFileType = sourcecode.swift; path = ProfileContract.swift; sourceTree = "<group>"; };
		91995DFC2BC51277007F51C7 /* MyNFTPresenter.swift */ = {isa = PBXFileReference; lastKnownFileType = sourcecode.swift; path = MyNFTPresenter.swift; sourceTree = "<group>"; };
		91995DFE2BC5128C007F51C7 /* MyNFTContract.swift */ = {isa = PBXFileReference; lastKnownFileType = sourcecode.swift; path = MyNFTContract.swift; sourceTree = "<group>"; };
		A20858D3E93492B3C5FCA4CE /* Pods-FakeNFTTests.release.xcconfig */ = {isa = PBXFileReference; includeInIndex = 1; lastKnownFileType = text.xcconfig; name = "Pods-FakeNFTTests.release.xcconfig"; path = "Target Support Files/Pods-FakeNFTTests/Pods-FakeNFTTests.release.xcconfig"; sourceTree = "<group>"; };
		ADCC72ECFD7EF8454934837B /* Pods-FakeNFT.release.xcconfig */ = {isa = PBXFileReference; includeInIndex = 1; lastKnownFileType = text.xcconfig; name = "Pods-FakeNFT.release.xcconfig"; path = "Target Support Files/Pods-FakeNFT/Pods-FakeNFT.release.xcconfig"; sourceTree = "<group>"; };
		C6EF87F9CB3D89E9DB34414D /* Pods-FakeNFT-FakeNFTUITests.release.xcconfig */ = {isa = PBXFileReference; includeInIndex = 1; lastKnownFileType = text.xcconfig; name = "Pods-FakeNFT-FakeNFTUITests.release.xcconfig"; path = "Target Support Files/Pods-FakeNFT-FakeNFTUITests/Pods-FakeNFT-FakeNFTUITests.release.xcconfig"; sourceTree = "<group>"; };
		E19CD5AA2A98B56600CA39A5 /* NftImageCollectionViewCell.swift */ = {isa = PBXFileReference; lastKnownFileType = sourcecode.swift; path = NftImageCollectionViewCell.swift; sourceTree = "<group>"; };
		E1A1B9D92AA01CE400C3AFBC /* TabBarController.swift */ = {isa = PBXFileReference; lastKnownFileType = sourcecode.swift; path = TabBarController.swift; sourceTree = "<group>"; };
		F00DF4AC2BAF6F7400825462 /* Statistics.md */ = {isa = PBXFileReference; lastKnownFileType = net.daringfireball.markdown; path = Statistics.md; sourceTree = "<group>"; };
		F00DF4AE2BB06C2900825462 /* StatisticsViewController.swift */ = {isa = PBXFileReference; lastKnownFileType = sourcecode.swift; path = StatisticsViewController.swift; sourceTree = "<group>"; };
		F00DF4B02BB0726D00825462 /* StatisticsTableViewCell.swift */ = {isa = PBXFileReference; lastKnownFileType = sourcecode.swift; path = StatisticsTableViewCell.swift; sourceTree = "<group>"; };
		F00DF4B22BB0806A00825462 /* StatisticsPresenter.swift */ = {isa = PBXFileReference; lastKnownFileType = sourcecode.swift; path = StatisticsPresenter.swift; sourceTree = "<group>"; };
		F00DF4B42BB0822400825462 /* StatisticsViewProtocol.swift */ = {isa = PBXFileReference; lastKnownFileType = sourcecode.swift; path = StatisticsViewProtocol.swift; sourceTree = "<group>"; };
		F00DF4B62BB21DE000825462 /* User.swift */ = {isa = PBXFileReference; lastKnownFileType = sourcecode.swift; path = User.swift; sourceTree = "<group>"; };
		F00DF4B82BB3351600825462 /* UsersRequest.swift */ = {isa = PBXFileReference; lastKnownFileType = sourcecode.swift; path = UsersRequest.swift; sourceTree = "<group>"; };
		F00DF4BA2BB338A900825462 /* UsersStorage.swift */ = {isa = PBXFileReference; lastKnownFileType = sourcecode.swift; path = UsersStorage.swift; sourceTree = "<group>"; };
		F00DF4BC2BB33A8C00825462 /* UsersService.swift */ = {isa = PBXFileReference; lastKnownFileType = sourcecode.swift; path = UsersService.swift; sourceTree = "<group>"; };
		F00DF4C62BBF094A00825462 /* UserDefaultsKeys.swift */ = {isa = PBXFileReference; lastKnownFileType = sourcecode.swift; path = UserDefaultsKeys.swift; sourceTree = "<group>"; };
		F02852A22BCED7DC00688074 /* StatisticsPresenterTests.swift */ = {isa = PBXFileReference; lastKnownFileType = sourcecode.swift; path = StatisticsPresenterTests.swift; sourceTree = "<group>"; };
		F02852A42BCED82800688074 /* StatisticsViewControllerMock.swift */ = {isa = PBXFileReference; lastKnownFileType = sourcecode.swift; path = StatisticsViewControllerMock.swift; sourceTree = "<group>"; };
		F02852A62BCEDC4A00688074 /* ServiceMock.swift */ = {isa = PBXFileReference; lastKnownFileType = sourcecode.swift; path = ServiceMock.swift; sourceTree = "<group>"; };
		F02852A92BD05D6A00688074 /* StatisticsViewTests.swift */ = {isa = PBXFileReference; lastKnownFileType = sourcecode.swift; path = StatisticsViewTests.swift; sourceTree = "<group>"; };
		F02852AB2BD05F7B00688074 /* StatisticsPresenterMock.swift */ = {isa = PBXFileReference; lastKnownFileType = sourcecode.swift; path = StatisticsPresenterMock.swift; sourceTree = "<group>"; };
		F02852AD2BD065A200688074 /* StatlogMock.swift */ = {isa = PBXFileReference; lastKnownFileType = sourcecode.swift; path = StatlogMock.swift; sourceTree = "<group>"; };
		F02852B12BD072C700688074 /* UserCardPresenterTests.swift */ = {isa = PBXFileReference; lastKnownFileType = sourcecode.swift; path = UserCardPresenterTests.swift; sourceTree = "<group>"; };
		F02852B32BD073C400688074 /* UserCardViewMock.swift */ = {isa = PBXFileReference; lastKnownFileType = sourcecode.swift; path = UserCardViewMock.swift; sourceTree = "<group>"; };
		F02852B52BD185DD00688074 /* UserCardViewTests.swift */ = {isa = PBXFileReference; lastKnownFileType = sourcecode.swift; path = UserCardViewTests.swift; sourceTree = "<group>"; };
		F02852B72BD186F000688074 /* UserCardPresenterMock.swift */ = {isa = PBXFileReference; lastKnownFileType = sourcecode.swift; path = UserCardPresenterMock.swift; sourceTree = "<group>"; };
		F02852B92BD1B40E00688074 /* ViewBuilder.swift */ = {isa = PBXFileReference; lastKnownFileType = sourcecode.swift; path = ViewBuilder.swift; sourceTree = "<group>"; };
		F02852C02BD4762B00688074 /* UsersCollectionViewController.swift */ = {isa = PBXFileReference; lastKnownFileType = sourcecode.swift; path = UsersCollectionViewController.swift; sourceTree = "<group>"; };
		F02852C22BD4766700688074 /* UsersCollectionCell.swift */ = {isa = PBXFileReference; lastKnownFileType = sourcecode.swift; path = UsersCollectionCell.swift; sourceTree = "<group>"; };
		F02852C42BD4767A00688074 /* UsersCollectionPresenter.swift */ = {isa = PBXFileReference; lastKnownFileType = sourcecode.swift; path = UsersCollectionPresenter.swift; sourceTree = "<group>"; };
		F02852C62BD5110200688074 /* UsersCollectionViewProtocol.swift */ = {isa = PBXFileReference; lastKnownFileType = sourcecode.swift; path = UsersCollectionViewProtocol.swift; sourceTree = "<group>"; };
		F03DCBA22BE00A17004D8C62 /* screencast.gif */ = {isa = PBXFileReference; lastKnownFileType = image.gif; path = screencast.gif; sourceTree = "<group>"; };
		F0CAAC922BD985F60042C2C4 /* CartRequestGet.swift */ = {isa = PBXFileReference; fileEncoding = 4; lastKnownFileType = sourcecode.swift; path = CartRequestGet.swift; sourceTree = "<group>"; };
		F0CAAC932BD985F60042C2C4 /* CartRequestPut.swift */ = {isa = PBXFileReference; fileEncoding = 4; lastKnownFileType = sourcecode.swift; path = CartRequestPut.swift; sourceTree = "<group>"; };
		F0CAAC9A2BD988D10042C2C4 /* CartModel.swift */ = {isa = PBXFileReference; lastKnownFileType = sourcecode.swift; path = CartModel.swift; sourceTree = "<group>"; };
		F0CAAC9D2BD98B120042C2C4 /* CartService.swift */ = {isa = PBXFileReference; fileEncoding = 4; lastKnownFileType = sourcecode.swift; path = CartService.swift; sourceTree = "<group>"; };
		F0CAAC9F2BDAC4A80042C2C4 /* ProfileByRequest.swift */ = {isa = PBXFileReference; fileEncoding = 4; lastKnownFileType = sourcecode.swift; path = ProfileByRequest.swift; sourceTree = "<group>"; };
		F0CAACA12BDAC4E30042C2C4 /* ProfileService.swift */ = {isa = PBXFileReference; fileEncoding = 4; lastKnownFileType = sourcecode.swift; path = ProfileService.swift; sourceTree = "<group>"; };
		F0CAACA62BDAC5F10042C2C4 /* ProfileStorage.swift */ = {isa = PBXFileReference; fileEncoding = 4; lastKnownFileType = sourcecode.swift; path = ProfileStorage.swift; sourceTree = "<group>"; };
		F0CAACA82BDAD6AD0042C2C4 /* UsersCollectionPresenterProtocol.swift */ = {isa = PBXFileReference; lastKnownFileType = sourcecode.swift; path = UsersCollectionPresenterProtocol.swift; sourceTree = "<group>"; };
		F0CAACAA2BDAD78B0042C2C4 /* StatisticsPresenterProtocol.swift */ = {isa = PBXFileReference; lastKnownFileType = sourcecode.swift; path = StatisticsPresenterProtocol.swift; sourceTree = "<group>"; };
		F0CAACAC2BDAD7BC0042C2C4 /* UserCardPresenterProtocol.swift */ = {isa = PBXFileReference; lastKnownFileType = sourcecode.swift; path = UserCardPresenterProtocol.swift; sourceTree = "<group>"; };
		F0D195052BC72F9700FEAFCA /* WebViewController.swift */ = {isa = PBXFileReference; lastKnownFileType = sourcecode.swift; path = WebViewController.swift; sourceTree = "<group>"; };
		F0D195072BC7307100FEAFCA /* WebViewPresenter.swift */ = {isa = PBXFileReference; lastKnownFileType = sourcecode.swift; path = WebViewPresenter.swift; sourceTree = "<group>"; };
		F0DC7C331BC929C07CCBCEDF /* Pods-FakeNFT.debug.xcconfig */ = {isa = PBXFileReference; includeInIndex = 1; lastKnownFileType = text.xcconfig; name = "Pods-FakeNFT.debug.xcconfig"; path = "Target Support Files/Pods-FakeNFT/Pods-FakeNFT.debug.xcconfig"; sourceTree = "<group>"; };
		F0E68FBF2BC2F1310032AD69 /* UserCardViewController.swift */ = {isa = PBXFileReference; lastKnownFileType = sourcecode.swift; path = UserCardViewController.swift; sourceTree = "<group>"; };
		F0E68FC12BC3093F0032AD69 /* UserCardPresenter.swift */ = {isa = PBXFileReference; lastKnownFileType = sourcecode.swift; path = UserCardPresenter.swift; sourceTree = "<group>"; };
		F0E68FC32BC31D710032AD69 /* UserCardViewProtocol.swift */ = {isa = PBXFileReference; lastKnownFileType = sourcecode.swift; path = UserCardViewProtocol.swift; sourceTree = "<group>"; };
/* End PBXFileReference section */

/* Begin PBXFrameworksBuildPhase section */
		3F68069029CBBAF100B4F915 /* Frameworks */ = {
			isa = PBXFrameworksBuildPhase;
			buildActionMask = 2147483647;
			files = (
				F0E68FBE2BC086EC0032AD69 /* Kingfisher in Frameworks */,
				F0E68FBB2BC086960032AD69 /* ProgressHUD in Frameworks */,
				A7029C3449B8B0F60C9EDD9B /* Pods_FakeNFT.framework in Frameworks */,
			);
			runOnlyForDeploymentPostprocessing = 0;
		};
		3F6806A629CBBAF200B4F915 /* Frameworks */ = {
			isa = PBXFrameworksBuildPhase;
			buildActionMask = 2147483647;
			files = (
				6D44594779F73D7FF98982B1 /* Pods_FakeNFTTests.framework in Frameworks */,
			);
			runOnlyForDeploymentPostprocessing = 0;
		};
		3F6806B029CBBAF200B4F915 /* Frameworks */ = {
			isa = PBXFrameworksBuildPhase;
			buildActionMask = 2147483647;
			files = (
				E1C4485F950773155A235DC5 /* Pods_FakeNFT_FakeNFTUITests.framework in Frameworks */,
			);
			runOnlyForDeploymentPostprocessing = 0;
		};
/* End PBXFrameworksBuildPhase section */

/* Begin PBXGroup section */
		0C79EE642A76DDCF00EE90EA /* NftDetails */ = {
			isa = PBXGroup;
			children = (
				E19CD5A92A98B55900CA39A5 /* Cell */,
				0C79EE652A76DDFF00EE90EA /* NftDetailViewController.swift */,
				0C79EE672A76DE0900EE90EA /* NftDetailPresenter.swift */,
				0C79EE692A76DE1000EE90EA /* NftDetailAssembly.swift */,
				0CFCB7432A7802440009A829 /* NftDetailInput.swift */,
			);
			path = NftDetails;
			sourceTree = "<group>";
		};
		0CF2C2D92A783C1600FDC837 /* Common */ = {
			isa = PBXGroup;
			children = (
				0CF2C2DF2A784C5600FDC837 /* Views */,
				0CF2C2DE2A784C4C00FDC837 /* Protocols */,
			);
			path = Common;
			sourceTree = "<group>";
		};
		0CF2C2DE2A784C4C00FDC837 /* Protocols */ = {
			isa = PBXGroup;
			children = (
				0CF2C2DA2A783C1B00FDC837 /* LoadingView.swift */,
				0CF2C2DC2A783CE600FDC837 /* ErrorView.swift */,
			);
			path = Protocols;
			sourceTree = "<group>";
		};
		0CF2C2DF2A784C5600FDC837 /* Views */ = {
			isa = PBXGroup;
			children = (
				0CF2C2E02A784C7000FDC837 /* LinePageControl.swift */,
			);
			path = Views;
			sourceTree = "<group>";
		};
		0CFCB7472A7808870009A829 /* Catalog */ = {
			isa = PBXGroup;
			children = (
				79143C692BB889A1007E2AAB /* Catalog */,
				79143C6A2BB889C3007E2AAB /* NftCollection */,
				79143C6B2BB889D9007E2AAB /* NftCard */,
				0CFCB7482A7808900009A829 /* TestCatalogController.swift */,
			);
			path = Catalog;
			sourceTree = "<group>";
		};
		0CFCB74C2A7817C30009A829 /* MemoryStorage */ = {
			isa = PBXGroup;
			children = (
				91995DFB2BC40036007F51C7 /* Profile */,
				0CFCB74D2A7817DC0009A829 /* NftStorage.swift */,
				F00DF4BA2BB338A900825462 /* UsersStorage.swift */,
			);
			path = MemoryStorage;
			sourceTree = "<group>";
		};
		1D2818E7104F3585744C2E80 /* Frameworks */ = {
			isa = PBXGroup;
			children = (
				09FCE6E24A52E1534343A3D1 /* Pods_FakeNFT.framework */,
				49CED2E41A2F69CB381765C2 /* Pods_FakeNFT_FakeNFTUITests.framework */,
				90FAC42DA72245C005D5FEE5 /* Pods_FakeNFTTests.framework */,
			);
			name = Frameworks;
			sourceTree = "<group>";
		};
		3F478ECD29DB473000F6D39E /* DesignSystem */ = {
			isa = PBXGroup;
			children = (
				3F478ECE29DB474E00F6D39E /* Colors.swift */,
				3F478ED029DB476500F6D39E /* Fonts.swift */,
				7943632C2BB830B900F3F527 /* UIImages.swift */,
			);
			path = DesignSystem;
			sourceTree = "<group>";
		};
		3F68068A29CBBAF100B4F915 = {
			isa = PBXGroup;
			children = (
				F00DF4AB2BAF6D8200825462 /* Docs */,
				3F68069529CBBAF100B4F915 /* FakeNFT */,
				3F6806AC29CBBAF200B4F915 /* FakeNFTTests */,
				3F6806B629CBBAF200B4F915 /* FakeNFTUITests */,
				3F68069429CBBAF100B4F915 /* Products */,
				1D2818E7104F3585744C2E80 /* Frameworks */,
				DADDC41CC43330FDCA720BCE /* Pods */,
				F03DCBA02BDFC5AA004D8C62 /* Recovered References */,
			);
			sourceTree = "<group>";
		};
		3F68069429CBBAF100B4F915 /* Products */ = {
			isa = PBXGroup;
			children = (
				3F68069329CBBAF100B4F915 /* FakeNFT.app */,
				3F6806A929CBBAF200B4F915 /* FakeNFTTests.xctest */,
				3F6806B329CBBAF200B4F915 /* FakeNFTUITests.xctest */,
			);
			name = Products;
			sourceTree = "<group>";
		};
		3F68069529CBBAF100B4F915 /* FakeNFT */ = {
			isa = PBXGroup;
			children = (
				794363272BB7FB2900F3F527 /* Helpers */,
				E1CD40DA2A96BE9B00BE7FE8 /* Resources */,
				3F478ECD29DB473000F6D39E /* DesignSystem */,
				3F6806CE29CBBD1B00B4F915 /* Foundation */,
				3F6806C929CBBCAF00B4F915 /* Models */,
				3F6806C729CBBC5B00B4F915 /* Scenes  */,
				3F6806C629CBBC4E00B4F915 /* Services */,
				3F6806A429CBBAF200B4F915 /* Info.plist */,
				3F68069629CBBAF100B4F915 /* AppDelegate.swift */,
				3F68069829CBBAF100B4F915 /* SceneDelegate.swift */,
				7943632E2BB8364500F3F527 /* DIContainer.swift */,
			);
			path = FakeNFT;
			sourceTree = "<group>";
		};
		3F6806AC29CBBAF200B4F915 /* FakeNFTTests */ = {
			isa = PBXGroup;
			children = (
				3F6806AD29CBBAF200B4F915 /* ExampleUnitTests.swift */,
				F02852A12BCED73B00688074 /* StatisticsTests */,
			);
			path = FakeNFTTests;
			sourceTree = "<group>";
		};
		3F6806B629CBBAF200B4F915 /* FakeNFTUITests */ = {
			isa = PBXGroup;
			children = (
				3F6806B729CBBAF200B4F915 /* FakeNFTUITests.swift */,
			);
			path = FakeNFTUITests;
			sourceTree = "<group>";
		};
		3F6806C629CBBC4E00B4F915 /* Services */ = {
			isa = PBXGroup;
			children = (
				F0CAACA12BDAC4E30042C2C4 /* ProfileService.swift */,
				F0CAAC9C2BD98AEA0042C2C4 /* Cart */,
				3FC8C38F29D245250081F015 /* Requests */,
				0C79EE6B2A76DE2E00EE90EA /* ServicesAssemly.swift */,
				91995DF32BC3BBAF007F51C7 /* ProfileService.swift */,
				91013CD62BCFCAB600105D5E /* EditProfileService.swift */,
				0CFCB73F2A78002A0009A829 /* NftService.swift */,
				F00DF4BC2BB33A8C00825462 /* UsersService.swift */,
			);
			path = Services;
			sourceTree = "<group>";
		};
		3F6806C729CBBC5B00B4F915 /* Scenes  */ = {
			isa = PBXGroup;
			children = (
				91995DD92BB1556E007F51C7 /* Profile */,
				F00DF4AD2BB06BFC00825462 /* Statistics */,
				E1A1B9D82AA01C9700C3AFBC /* TabBarController */,
				0CF2C2D92A783C1600FDC837 /* Common */,
				0CFCB7472A7808870009A829 /* Catalog */,
				0C79EE642A76DDCF00EE90EA /* NftDetails */,
				3F6806C829CBBC8100B4F915 /* ProductDetails */,
			);
			path = "Scenes ";
			sourceTree = "<group>";
		};
		3F6806C829CBBC8100B4F915 /* ProductDetails */ = {
			isa = PBXGroup;
			children = (
				3F68069A29CBBAF100B4F915 /* ProductDetailsTableViewController.swift */,
				3FC8C38A29D242E90081F015 /* ProductDetailsTableViewCell.swift */,
			);
			path = ProductDetails;
			sourceTree = "<group>";
		};
		3F6806C929CBBCAF00B4F915 /* Models */ = {
			isa = PBXGroup;
			children = (
				3F6806D829CC979D00B4F915 /* Network */,
			);
			path = Models;
			sourceTree = "<group>";
		};
		3F6806CE29CBBD1B00B4F915 /* Foundation */ = {
			isa = PBXGroup;
			children = (
				7943632A2BB7FBB400F3F527 /* StatLog.swift */,
				0CFCB74C2A7817C30009A829 /* MemoryStorage */,
				3F6806CF29CBBDB100B4F915 /* NetworkClient */,
				3F6806D629CBC50A00B4F915 /* CellsReusingUtils.swift */,
				3FC8C39229D246BA0081F015 /* DateFormatters+Presets.swift */,
				0CFCB74A2A780EA80009A829 /* UIView+Constraints.swift */,
				F00DF4C62BBF094A00825462 /* UserDefaultsKeys.swift */,
			);
			path = Foundation;
			sourceTree = "<group>";
		};
		3F6806CF29CBBDB100B4F915 /* NetworkClient */ = {
			isa = PBXGroup;
			children = (
				3F6806D029CBBE6B00B4F915 /* NetworkClient.swift */,
				3F6806D229CBBE9600B4F915 /* NetworkRequest.swift */,
				3F6806D429CBBEC700B4F915 /* NetworkTask.swift */,
			);
			path = NetworkClient;
			sourceTree = "<group>";
		};
		3F6806D829CC979D00B4F915 /* Network */ = {
			isa = PBXGroup;
			children = (
				0CFCB7412A78013E0009A829 /* Nft.swift */,
				91995DF12BC3B1F2007F51C7 /* Profile.swift */,
				91013CD42BCFC6F000105D5E /* EditProfile.swift */,
				F00DF4B62BB21DE000825462 /* User.swift */,
				F0CAAC9A2BD988D10042C2C4 /* CartModel.swift */,
			);
			path = Network;
			sourceTree = "<group>";
		};
		3FC8C38F29D245250081F015 /* Requests */ = {
			isa = PBXGroup;
			children = (
				F0CAAC912BD983900042C2C4 /* Cart */,
				F0CAAC9F2BDAC4A80042C2C4 /* ProfileByRequest.swift */,
				0C79EE602A76DCD600EE90EA /* NftByIdRequest.swift */,
				F00DF4B82BB3351600825462 /* UsersRequest.swift */,
				0C79EE622A76DD1900EE90EA /* RequestConstants.swift */,
				79143C762BB9479E007E2AAB /* BaseNftRequest.swift */,
				91995DF52BC3BC45007F51C7 /* ProfileByRequest.swift */,
			);
			path = Requests;
			sourceTree = "<group>";
		};
		79143C692BB889A1007E2AAB /* Catalog */ = {
			isa = PBXGroup;
			children = (
				79143C6C2BB88A0B007E2AAB /* CatalogViewController.swift */,
				79143C722BB88A7E007E2AAB /* CatalogPresenter.swift */,
				79143C6E2BB88A19007E2AAB /* CatalogView.swift */,
				79143C702BB88A27007E2AAB /* CatalogCell.swift */,
			);
			path = Catalog;
			sourceTree = "<group>";
		};
		79143C6A2BB889C3007E2AAB /* NftCollection */ = {
			isa = PBXGroup;
			children = (
				79143C782BB95281007E2AAB /* NftCollectionView.swift */,
			);
			path = NftCollection;
			sourceTree = "<group>";
		};
		79143C6B2BB889D9007E2AAB /* NftCard */ = {
			isa = PBXGroup;
			children = (
			);
			path = NftCard;
			sourceTree = "<group>";
		};
		794363272BB7FB2900F3F527 /* Helpers */ = {
			isa = PBXGroup;
			children = (
				794363282BB7FB3D00F3F527 /* String+Extension.swift */,
				79143C742BB8A787007E2AAB /* UIImage+Extensions.swift */,
			);
			path = Helpers;
			sourceTree = "<group>";
		};
		91013CD82BD0074100105D5E /* AboutDeveloper */ = {
			isa = PBXGroup;
			children = (
				91013CD92BD0075D00105D5E /* AboutDeveloperViewController.swift */,
			);
			path = AboutDeveloper;
			sourceTree = "<group>";
		};
		91586BE62BC681FB002D1E2E /* Main */ = {
			isa = PBXGroup;
			children = (
				91995DDC2BB18C39007F51C7 /* ProfileViewController.swift */,
				91995DE02BB80A11007F51C7 /* ProfileTableCell.swift */,
				91995DEF2BC3B09E007F51C7 /* PofilePresenter.swift */,
				91995DF92BC3E7B0007F51C7 /* ProfileContract.swift */,
			);
			path = Main;
			sourceTree = "<group>";
		};
		91995DD92BB1556E007F51C7 /* Profile */ = {
			isa = PBXGroup;
			children = (
				91013CD82BD0074100105D5E /* AboutDeveloper */,
				91586BE62BC681FB002D1E2E /* Main */,
				91995DEC2BBE746C007F51C7 /* EditProfile */,
				91995DE72BBBF8AC007F51C7 /* FavoritesNFT */,
				91995DE22BB81F17007F51C7 /* MyNFT */,
				91995DDA2BB15591007F51C7 /* Profile.md */,
			);
			path = Profile;
			sourceTree = "<group>";
		};
		91995DE22BB81F17007F51C7 /* MyNFT */ = {
			isa = PBXGroup;
			children = (
				91995DE32BB81F28007F51C7 /* MyNFTViewController.swift */,
				91995DE52BB94C3C007F51C7 /* MyNFTTableCell.swift */,
				91995DFC2BC51277007F51C7 /* MyNFTPresenter.swift */,
				91995DFE2BC5128C007F51C7 /* MyNFTContract.swift */,
			);
			path = MyNFT;
			sourceTree = "<group>";
		};
		91995DE72BBBF8AC007F51C7 /* FavoritesNFT */ = {
			isa = PBXGroup;
			children = (
				91995DE82BBBF8FD007F51C7 /* FavoritesNFTViewController.swift */,
				91995DEA2BBBFF66007F51C7 /* FavoritesNFTCollectionViewCell.swift */,
				91013CC62BC7D26800105D5E /* FavoritesNFTPresenter.swift */,
				91013CC82BC7D28000105D5E /* FavoritesNFTContract.swift */,
			);
			path = FavoritesNFT;
			sourceTree = "<group>";
		};
		91995DEC2BBE746C007F51C7 /* EditProfile */ = {
			isa = PBXGroup;
			children = (
				91995DED2BBE74AB007F51C7 /* EditProfileViewController.swift */,
				91013CD02BCFA36100105D5E /* EditProfileContract.swift */,
				91013CD22BCFA62E00105D5E /* EditProfilePresenter.swift */,
			);
			path = EditProfile;
			sourceTree = "<group>";
		};
		91995DFB2BC40036007F51C7 /* Profile */ = {
			isa = PBXGroup;
			children = (
				91995DF72BC3BE1B007F51C7 /* ProfileStorage.swift */,
			);
			path = Profile;
			sourceTree = "<group>";
		};
		DADDC41CC43330FDCA720BCE /* Pods */ = {
			isa = PBXGroup;
			children = (
				F0DC7C331BC929C07CCBCEDF /* Pods-FakeNFT.debug.xcconfig */,
				ADCC72ECFD7EF8454934837B /* Pods-FakeNFT.release.xcconfig */,
				4B7270BDFC7C2FA8CCBBB473 /* Pods-FakeNFT-FakeNFTUITests.debug.xcconfig */,
				C6EF87F9CB3D89E9DB34414D /* Pods-FakeNFT-FakeNFTUITests.release.xcconfig */,
				26A7F681412E8136EAAF4230 /* Pods-FakeNFTTests.debug.xcconfig */,
				A20858D3E93492B3C5FCA4CE /* Pods-FakeNFTTests.release.xcconfig */,
			);
			path = Pods;
			sourceTree = "<group>";
		};
		E19CD5A92A98B55900CA39A5 /* Cell */ = {
			isa = PBXGroup;
			children = (
				0CFCB7452A78064B0009A829 /* NftDetailCellModel.swift */,
				E19CD5AA2A98B56600CA39A5 /* NftImageCollectionViewCell.swift */,
			);
			path = Cell;
			sourceTree = "<group>";
		};
		E1A1B9D82AA01C9700C3AFBC /* TabBarController */ = {
			isa = PBXGroup;
			children = (
				E1A1B9D92AA01CE400C3AFBC /* TabBarController.swift */,
			);
			path = TabBarController;
			sourceTree = "<group>";
		};
		E1CD40DA2A96BE9B00BE7FE8 /* Resources */ = {
			isa = PBXGroup;
			children = (
				3F68069F29CBBAF200B4F915 /* Assets.xcassets */,
				3F6806A129CBBAF200B4F915 /* LaunchScreen.storyboard */,
				794363242BB7EEBD00F3F527 /* Localizable.strings */,
			);
			path = Resources;
			sourceTree = "<group>";
		};
		F00DF4AB2BAF6D8200825462 /* Docs */ = {
			isa = PBXGroup;
			children = (
				F03DCBA22BE00A17004D8C62 /* screencast.gif */,
				F00DF4AC2BAF6F7400825462 /* Statistics.md */,
			);
			path = Docs;
			sourceTree = "<group>";
		};
		F00DF4AD2BB06BFC00825462 /* Statistics */ = {
			isa = PBXGroup;
			children = (
				F02852B92BD1B40E00688074 /* ViewBuilder.swift */,
				F02852BF2BD475FA00688074 /* UsersCollection */,
				F028529F2BCDB6B600688074 /* UserCard */,
				F028529E2BCDB68A00688074 /* StatisticsMain */,
			);
			path = Statistics;
			sourceTree = "<group>";
		};
		F028529E2BCDB68A00688074 /* StatisticsMain */ = {
			isa = PBXGroup;
			children = (
				F00DF4AE2BB06C2900825462 /* StatisticsViewController.swift */,
				F00DF4B02BB0726D00825462 /* StatisticsTableViewCell.swift */,
				F00DF4B22BB0806A00825462 /* StatisticsPresenter.swift */,
				F00DF4B42BB0822400825462 /* StatisticsViewProtocol.swift */,
				F0CAACAA2BDAD78B0042C2C4 /* StatisticsPresenterProtocol.swift */,
			);
			path = StatisticsMain;
			sourceTree = "<group>";
		};
		F028529F2BCDB6B600688074 /* UserCard */ = {
			isa = PBXGroup;
			children = (
				F02852A02BCDB6C900688074 /* WebView */,
				F0E68FBF2BC2F1310032AD69 /* UserCardViewController.swift */,
				F0E68FC12BC3093F0032AD69 /* UserCardPresenter.swift */,
				F0E68FC32BC31D710032AD69 /* UserCardViewProtocol.swift */,
				F0CAACAC2BDAD7BC0042C2C4 /* UserCardPresenterProtocol.swift */,
			);
			path = UserCard;
			sourceTree = "<group>";
		};
		F02852A02BCDB6C900688074 /* WebView */ = {
			isa = PBXGroup;
			children = (
				F0D195052BC72F9700FEAFCA /* WebViewController.swift */,
				F0D195072BC7307100FEAFCA /* WebViewPresenter.swift */,
			);
			path = WebView;
			sourceTree = "<group>";
		};
		F02852A12BCED73B00688074 /* StatisticsTests */ = {
			isa = PBXGroup;
			children = (
				F02852B02BD072A200688074 /* UserCard */,
				F02852A82BD05CF000688074 /* Mock */,
				F02852AF2BD0726E00688074 /* StatisticsMain */,
			);
			path = StatisticsTests;
			sourceTree = "<group>";
		};
		F02852A82BD05CF000688074 /* Mock */ = {
			isa = PBXGroup;
			children = (
				F02852A62BCEDC4A00688074 /* ServiceMock.swift */,
				F02852A42BCED82800688074 /* StatisticsViewControllerMock.swift */,
				F02852AB2BD05F7B00688074 /* StatisticsPresenterMock.swift */,
				F02852AD2BD065A200688074 /* StatlogMock.swift */,
				F02852B32BD073C400688074 /* UserCardViewMock.swift */,
				F02852B72BD186F000688074 /* UserCardPresenterMock.swift */,
			);
			path = Mock;
			sourceTree = "<group>";
		};
		F02852AF2BD0726E00688074 /* StatisticsMain */ = {
			isa = PBXGroup;
			children = (
				F02852A22BCED7DC00688074 /* StatisticsPresenterTests.swift */,
				F02852A92BD05D6A00688074 /* StatisticsViewTests.swift */,
			);
			path = StatisticsMain;
			sourceTree = "<group>";
		};
		F02852B02BD072A200688074 /* UserCard */ = {
			isa = PBXGroup;
			children = (
				F02852B12BD072C700688074 /* UserCardPresenterTests.swift */,
				F02852B52BD185DD00688074 /* UserCardViewTests.swift */,
			);
			path = UserCard;
			sourceTree = "<group>";
		};
		F02852BF2BD475FA00688074 /* UsersCollection */ = {
			isa = PBXGroup;
			children = (
				F02852C02BD4762B00688074 /* UsersCollectionViewController.swift */,
				F02852C22BD4766700688074 /* UsersCollectionCell.swift */,
				F02852C42BD4767A00688074 /* UsersCollectionPresenter.swift */,
				F02852C62BD5110200688074 /* UsersCollectionViewProtocol.swift */,
				F0CAACA82BDAD6AD0042C2C4 /* UsersCollectionPresenterProtocol.swift */,
			);
			path = UsersCollection;
			sourceTree = "<group>";
		};
		F03DCBA02BDFC5AA004D8C62 /* Recovered References */ = {
			isa = PBXGroup;
			children = (
				F0CAACA62BDAC5F10042C2C4 /* ProfileStorage.swift */,
			);
			name = "Recovered References";
			sourceTree = "<group>";
		};
		F0CAAC912BD983900042C2C4 /* Cart */ = {
			isa = PBXGroup;
			children = (
				F0CAAC922BD985F60042C2C4 /* CartRequestGet.swift */,
				F0CAAC932BD985F60042C2C4 /* CartRequestPut.swift */,
			);
			path = Cart;
			sourceTree = "<group>";
		};
		F0CAAC9C2BD98AEA0042C2C4 /* Cart */ = {
			isa = PBXGroup;
			children = (
				F0CAAC9D2BD98B120042C2C4 /* CartService.swift */,
			);
			path = Cart;
			sourceTree = "<group>";
		};
/* End PBXGroup section */

/* Begin PBXNativeTarget section */
		3F68069229CBBAF100B4F915 /* FakeNFT */ = {
			isa = PBXNativeTarget;
			buildConfigurationList = 3F6806BD29CBBAF200B4F915 /* Build configuration list for PBXNativeTarget "FakeNFT" */;
			buildPhases = (
				CB59CD5961703A22E656E279 /* [CP] Check Pods Manifest.lock */,
				3FC8C39529D24CDB0081F015 /* Swiftlint */,
				3F68068F29CBBAF100B4F915 /* Sources */,
				3F68069029CBBAF100B4F915 /* Frameworks */,
				3F68069129CBBAF100B4F915 /* Resources */,
				5FE434239983E861F89DB170 /* [CP] Embed Pods Frameworks */,
			);
			buildRules = (
			);
			dependencies = (
			);
			name = FakeNFT;
			packageProductDependencies = (
				F0E68FBA2BC086960032AD69 /* ProgressHUD */,
				F0E68FBD2BC086EC0032AD69 /* Kingfisher */,
			);
			productName = FakeNFT;
			productReference = 3F68069329CBBAF100B4F915 /* FakeNFT.app */;
			productType = "com.apple.product-type.application";
		};
		3F6806A829CBBAF200B4F915 /* FakeNFTTests */ = {
			isa = PBXNativeTarget;
			buildConfigurationList = 3F6806C029CBBAF200B4F915 /* Build configuration list for PBXNativeTarget "FakeNFTTests" */;
			buildPhases = (
				ED97E74A56738AA268583665 /* [CP] Check Pods Manifest.lock */,
				3F6806A529CBBAF200B4F915 /* Sources */,
				3F6806A629CBBAF200B4F915 /* Frameworks */,
				3F6806A729CBBAF200B4F915 /* Resources */,
			);
			buildRules = (
			);
			dependencies = (
				3F6806AB29CBBAF200B4F915 /* PBXTargetDependency */,
			);
			name = FakeNFTTests;
			productName = FakeNFTTests;
			productReference = 3F6806A929CBBAF200B4F915 /* FakeNFTTests.xctest */;
			productType = "com.apple.product-type.bundle.unit-test";
		};
		3F6806B229CBBAF200B4F915 /* FakeNFTUITests */ = {
			isa = PBXNativeTarget;
			buildConfigurationList = 3F6806C329CBBAF200B4F915 /* Build configuration list for PBXNativeTarget "FakeNFTUITests" */;
			buildPhases = (
				83DB6E6C5AD993334F541F99 /* [CP] Check Pods Manifest.lock */,
				3F6806AF29CBBAF200B4F915 /* Sources */,
				3F6806B029CBBAF200B4F915 /* Frameworks */,
				3F6806B129CBBAF200B4F915 /* Resources */,
				04AA6698150DBA89FCF1E1F1 /* [CP] Embed Pods Frameworks */,
			);
			buildRules = (
			);
			dependencies = (
				3F6806B529CBBAF200B4F915 /* PBXTargetDependency */,
			);
			name = FakeNFTUITests;
			productName = FakeNFTUITests;
			productReference = 3F6806B329CBBAF200B4F915 /* FakeNFTUITests.xctest */;
			productType = "com.apple.product-type.bundle.ui-testing";
		};
/* End PBXNativeTarget section */

/* Begin PBXProject section */
		3F68068B29CBBAF100B4F915 /* Project object */ = {
			isa = PBXProject;
			attributes = {
				BuildIndependentTargetsInParallel = 1;
				LastSwiftUpdateCheck = 1420;
				LastUpgradeCheck = 1520;
				TargetAttributes = {
					3F68069229CBBAF100B4F915 = {
						CreatedOnToolsVersion = 14.2;
					};
					3F6806A829CBBAF200B4F915 = {
						CreatedOnToolsVersion = 14.2;
						TestTargetID = 3F68069229CBBAF100B4F915;
					};
					3F6806B229CBBAF200B4F915 = {
						CreatedOnToolsVersion = 14.2;
						TestTargetID = 3F68069229CBBAF100B4F915;
					};
				};
			};
			buildConfigurationList = 3F68068E29CBBAF100B4F915 /* Build configuration list for PBXProject "FakeNFT" */;
			compatibilityVersion = "Xcode 14.0";
			developmentRegion = ru;
			hasScannedForEncodings = 0;
			knownRegions = (
				en,
				Base,
				ru,
			);
			mainGroup = 3F68068A29CBBAF100B4F915;
			packageReferences = (
				F0E68FB92BC086960032AD69 /* XCRemoteSwiftPackageReference "ProgressHUD" */,
				F0E68FBC2BC086EC0032AD69 /* XCRemoteSwiftPackageReference "Kingfisher" */,
			);
			productRefGroup = 3F68069429CBBAF100B4F915 /* Products */;
			projectDirPath = "";
			projectRoot = "";
			targets = (
				3F68069229CBBAF100B4F915 /* FakeNFT */,
				3F6806A829CBBAF200B4F915 /* FakeNFTTests */,
				3F6806B229CBBAF200B4F915 /* FakeNFTUITests */,
			);
		};
/* End PBXProject section */

/* Begin PBXResourcesBuildPhase section */
		3F68069129CBBAF100B4F915 /* Resources */ = {
			isa = PBXResourcesBuildPhase;
			buildActionMask = 2147483647;
			files = (
				3F6806A329CBBAF200B4F915 /* LaunchScreen.storyboard in Resources */,
				794363222BB7EEBD00F3F527 /* Localizable.strings in Resources */,
				91995DDB2BB15591007F51C7 /* Profile.md in Resources */,
				3F6806A029CBBAF200B4F915 /* Assets.xcassets in Resources */,
			);
			runOnlyForDeploymentPostprocessing = 0;
		};
		3F6806A729CBBAF200B4F915 /* Resources */ = {
			isa = PBXResourcesBuildPhase;
			buildActionMask = 2147483647;
			files = (
			);
			runOnlyForDeploymentPostprocessing = 0;
		};
		3F6806B129CBBAF200B4F915 /* Resources */ = {
			isa = PBXResourcesBuildPhase;
			buildActionMask = 2147483647;
			files = (
			);
			runOnlyForDeploymentPostprocessing = 0;
		};
/* End PBXResourcesBuildPhase section */

/* Begin PBXShellScriptBuildPhase section */
		04AA6698150DBA89FCF1E1F1 /* [CP] Embed Pods Frameworks */ = {
			isa = PBXShellScriptBuildPhase;
			buildActionMask = 2147483647;
			files = (
			);
			inputFileListPaths = (
				"${PODS_ROOT}/Target Support Files/Pods-FakeNFT-FakeNFTUITests/Pods-FakeNFT-FakeNFTUITests-frameworks-${CONFIGURATION}-input-files.xcfilelist",
			);
			name = "[CP] Embed Pods Frameworks";
			outputFileListPaths = (
				"${PODS_ROOT}/Target Support Files/Pods-FakeNFT-FakeNFTUITests/Pods-FakeNFT-FakeNFTUITests-frameworks-${CONFIGURATION}-output-files.xcfilelist",
			);
			runOnlyForDeploymentPostprocessing = 0;
			shellPath = /bin/sh;
			shellScript = "\"${PODS_ROOT}/Target Support Files/Pods-FakeNFT-FakeNFTUITests/Pods-FakeNFT-FakeNFTUITests-frameworks.sh\"\n";
			showEnvVarsInLog = 0;
		};
		3FC8C39529D24CDB0081F015 /* Swiftlint */ = {
			isa = PBXShellScriptBuildPhase;
			alwaysOutOfDate = 1;
			buildActionMask = 2147483647;
			files = (
			);
			inputFileListPaths = (
			);
			inputPaths = (
			);
			name = Swiftlint;
			outputFileListPaths = (
			);
			outputPaths = (
			);
			runOnlyForDeploymentPostprocessing = 0;
			shellPath = /bin/sh;
			shellScript = "export PATH=\"$PATH:/opt/homebrew/bin\"\nif which swiftlint > /dev/null; then\n  swiftlint --fix && swiftlint\nelse\n  echo \"warning: SwiftLint not installed, download from https://github.com/realm/SwiftLint\"\nfi\n";
			showEnvVarsInLog = 0;
		};
		5FE434239983E861F89DB170 /* [CP] Embed Pods Frameworks */ = {
			isa = PBXShellScriptBuildPhase;
			buildActionMask = 2147483647;
			files = (
			);
			inputFileListPaths = (
				"${PODS_ROOT}/Target Support Files/Pods-FakeNFT/Pods-FakeNFT-frameworks-${CONFIGURATION}-input-files.xcfilelist",
			);
			name = "[CP] Embed Pods Frameworks";
			outputFileListPaths = (
				"${PODS_ROOT}/Target Support Files/Pods-FakeNFT/Pods-FakeNFT-frameworks-${CONFIGURATION}-output-files.xcfilelist",
			);
			runOnlyForDeploymentPostprocessing = 0;
			shellPath = /bin/sh;
			shellScript = "\"${PODS_ROOT}/Target Support Files/Pods-FakeNFT/Pods-FakeNFT-frameworks.sh\"\n";
			showEnvVarsInLog = 0;
		};
		83DB6E6C5AD993334F541F99 /* [CP] Check Pods Manifest.lock */ = {
			isa = PBXShellScriptBuildPhase;
			buildActionMask = 2147483647;
			files = (
			);
			inputFileListPaths = (
			);
			inputPaths = (
				"${PODS_PODFILE_DIR_PATH}/Podfile.lock",
				"${PODS_ROOT}/Manifest.lock",
			);
			name = "[CP] Check Pods Manifest.lock";
			outputFileListPaths = (
			);
			outputPaths = (
				"$(DERIVED_FILE_DIR)/Pods-FakeNFT-FakeNFTUITests-checkManifestLockResult.txt",
			);
			runOnlyForDeploymentPostprocessing = 0;
			shellPath = /bin/sh;
			shellScript = "diff \"${PODS_PODFILE_DIR_PATH}/Podfile.lock\" \"${PODS_ROOT}/Manifest.lock\" > /dev/null\nif [ $? != 0 ] ; then\n    # print error to STDERR\n    echo \"error: The sandbox is not in sync with the Podfile.lock. Run 'pod install' or update your CocoaPods installation.\" >&2\n    exit 1\nfi\n# This output is used by Xcode 'outputs' to avoid re-running this script phase.\necho \"SUCCESS\" > \"${SCRIPT_OUTPUT_FILE_0}\"\n";
			showEnvVarsInLog = 0;
		};
		CB59CD5961703A22E656E279 /* [CP] Check Pods Manifest.lock */ = {
			isa = PBXShellScriptBuildPhase;
			buildActionMask = 2147483647;
			files = (
			);
			inputFileListPaths = (
			);
			inputPaths = (
				"${PODS_PODFILE_DIR_PATH}/Podfile.lock",
				"${PODS_ROOT}/Manifest.lock",
			);
			name = "[CP] Check Pods Manifest.lock";
			outputFileListPaths = (
			);
			outputPaths = (
				"$(DERIVED_FILE_DIR)/Pods-FakeNFT-checkManifestLockResult.txt",
			);
			runOnlyForDeploymentPostprocessing = 0;
			shellPath = /bin/sh;
			shellScript = "diff \"${PODS_PODFILE_DIR_PATH}/Podfile.lock\" \"${PODS_ROOT}/Manifest.lock\" > /dev/null\nif [ $? != 0 ] ; then\n    # print error to STDERR\n    echo \"error: The sandbox is not in sync with the Podfile.lock. Run 'pod install' or update your CocoaPods installation.\" >&2\n    exit 1\nfi\n# This output is used by Xcode 'outputs' to avoid re-running this script phase.\necho \"SUCCESS\" > \"${SCRIPT_OUTPUT_FILE_0}\"\n";
			showEnvVarsInLog = 0;
		};
		ED97E74A56738AA268583665 /* [CP] Check Pods Manifest.lock */ = {
			isa = PBXShellScriptBuildPhase;
			buildActionMask = 2147483647;
			files = (
			);
			inputFileListPaths = (
			);
			inputPaths = (
				"${PODS_PODFILE_DIR_PATH}/Podfile.lock",
				"${PODS_ROOT}/Manifest.lock",
			);
			name = "[CP] Check Pods Manifest.lock";
			outputFileListPaths = (
			);
			outputPaths = (
				"$(DERIVED_FILE_DIR)/Pods-FakeNFTTests-checkManifestLockResult.txt",
			);
			runOnlyForDeploymentPostprocessing = 0;
			shellPath = /bin/sh;
			shellScript = "diff \"${PODS_PODFILE_DIR_PATH}/Podfile.lock\" \"${PODS_ROOT}/Manifest.lock\" > /dev/null\nif [ $? != 0 ] ; then\n    # print error to STDERR\n    echo \"error: The sandbox is not in sync with the Podfile.lock. Run 'pod install' or update your CocoaPods installation.\" >&2\n    exit 1\nfi\n# This output is used by Xcode 'outputs' to avoid re-running this script phase.\necho \"SUCCESS\" > \"${SCRIPT_OUTPUT_FILE_0}\"\n";
			showEnvVarsInLog = 0;
		};
/* End PBXShellScriptBuildPhase section */

/* Begin PBXSourcesBuildPhase section */
		3F68068F29CBBAF100B4F915 /* Sources */ = {
			isa = PBXSourcesBuildPhase;
			buildActionMask = 2147483647;
			files = (
				91013CDA2BD0075D00105D5E /* AboutDeveloperViewController.swift in Sources */,
				F00DF4BB2BB338A900825462 /* UsersStorage.swift in Sources */,
				79143C6D2BB88A0B007E2AAB /* CatalogViewController.swift in Sources */,
				3FC8C38B29D242E90081F015 /* ProductDetailsTableViewCell.swift in Sources */,
				3F478ECF29DB474E00F6D39E /* Colors.swift in Sources */,
				F0E68FC02BC2F1320032AD69 /* UserCardViewController.swift in Sources */,
				F0CAACA92BDAD6AD0042C2C4 /* UsersCollectionPresenterProtocol.swift in Sources */,
				0C79EE662A76DDFF00EE90EA /* NftDetailViewController.swift in Sources */,
				91013CD32BCFA62E00105D5E /* EditProfilePresenter.swift in Sources */,
				E1A1B9DA2AA01CE400C3AFBC /* TabBarController.swift in Sources */,
				91013CD72BCFCAB600105D5E /* EditProfileService.swift in Sources */,
				F0CAACA02BDAC4A80042C2C4 /* ProfileByRequest.swift in Sources */,
				F00DF4B52BB0822400825462 /* StatisticsViewProtocol.swift in Sources */,
				F02852C12BD4762B00688074 /* UsersCollectionViewController.swift in Sources */,
				3F478ED129DB476500F6D39E /* Fonts.swift in Sources */,
				F0CAAC9B2BD988D10042C2C4 /* CartModel.swift in Sources */,
				F00DF4B32BB0806A00825462 /* StatisticsPresenter.swift in Sources */,
				F0CAAC942BD985F60042C2C4 /* CartRequestGet.swift in Sources */,
				0C79EE6A2A76DE1000EE90EA /* NftDetailAssembly.swift in Sources */,
				F02852C52BD4767A00688074 /* UsersCollectionPresenter.swift in Sources */,
				F02852C32BD4766700688074 /* UsersCollectionCell.swift in Sources */,
				7943632B2BB7FBB400F3F527 /* StatLog.swift in Sources */,
				F00DF4B12BB0726D00825462 /* StatisticsTableViewCell.swift in Sources */,
				3FC8C39329D246BA0081F015 /* DateFormatters+Presets.swift in Sources */,
				91995DFA2BC3E7B0007F51C7 /* ProfileContract.swift in Sources */,
				794363292BB7FB3D00F3F527 /* String+Extension.swift in Sources */,
				91995DF22BC3B1F2007F51C7 /* Profile.swift in Sources */,
				91013CC92BC7D28000105D5E /* FavoritesNFTContract.swift in Sources */,
				79143C6F2BB88A19007E2AAB /* CatalogView.swift in Sources */,
				0CFCB7422A78013E0009A829 /* Nft.swift in Sources */,
				F00DF4BD2BB33A8C00825462 /* UsersService.swift in Sources */,
				0CF2C2DD2A783CE600FDC837 /* ErrorView.swift in Sources */,
				F00DF4AF2BB06C2900825462 /* StatisticsViewController.swift in Sources */,
				F02852C72BD5110200688074 /* UsersCollectionViewProtocol.swift in Sources */,
				0C79EE682A76DE0900EE90EA /* NftDetailPresenter.swift in Sources */,
				91995DE12BB80A11007F51C7 /* ProfileTableCell.swift in Sources */,
				F0CAACAD2BDAD7BC0042C2C4 /* UserCardPresenterProtocol.swift in Sources */,
				3F68069B29CBBAF100B4F915 /* ProductDetailsTableViewController.swift in Sources */,
				91995DEE2BBE74AB007F51C7 /* EditProfileViewController.swift in Sources */,
				0CFCB7402A78002A0009A829 /* NftService.swift in Sources */,
				91995DE62BB94C3C007F51C7 /* MyNFTTableCell.swift in Sources */,
				91995DDD2BB18C39007F51C7 /* ProfileViewController.swift in Sources */,
				91995DEB2BBBFF66007F51C7 /* FavoritesNFTCollectionViewCell.swift in Sources */,
				91995DFD2BC51277007F51C7 /* MyNFTPresenter.swift in Sources */,
				F0CAACA22BDAC4E30042C2C4 /* ProfileService.swift in Sources */,
				3F6806D529CBBEC700B4F915 /* NetworkTask.swift in Sources */,
				7943632D2BB830B900F3F527 /* UIImages.swift in Sources */,
				0CF2C2DB2A783C1B00FDC837 /* LoadingView.swift in Sources */,
				F0D195062BC72F9700FEAFCA /* WebViewController.swift in Sources */,
				79143C712BB88A27007E2AAB /* CatalogCell.swift in Sources */,
				3F68069729CBBAF100B4F915 /* AppDelegate.swift in Sources */,
				3F68069929CBBAF100B4F915 /* SceneDelegate.swift in Sources */,
				F0CAACAB2BDAD78B0042C2C4 /* StatisticsPresenterProtocol.swift in Sources */,
				0C79EE6C2A76DE2E00EE90EA /* ServicesAssemly.swift in Sources */,
				91995DF02BC3B09E007F51C7 /* PofilePresenter.swift in Sources */,
				0CFCB74E2A7817DC0009A829 /* NftStorage.swift in Sources */,
				F0CAAC952BD985F60042C2C4 /* CartRequestPut.swift in Sources */,
				7943632F2BB8364500F3F527 /* DIContainer.swift in Sources */,
				91995DFF2BC5128C007F51C7 /* MyNFTContract.swift in Sources */,
				91013CD52BCFC6F000105D5E /* EditProfile.swift in Sources */,
				79143C792BB95281007E2AAB /* NftCollectionView.swift in Sources */,
				0CFCB7462A78064B0009A829 /* NftDetailCellModel.swift in Sources */,
				F00DF4C72BBF094A00825462 /* UserDefaultsKeys.swift in Sources */,
				79143C772BB9479E007E2AAB /* BaseNftRequest.swift in Sources */,
				0CFCB74B2A780EA80009A829 /* UIView+Constraints.swift in Sources */,
				F0D195082BC7307100FEAFCA /* WebViewPresenter.swift in Sources */,
				79143C732BB88A7E007E2AAB /* CatalogPresenter.swift in Sources */,
				3F6806D729CBC50A00B4F915 /* CellsReusingUtils.swift in Sources */,
				0C79EE612A76DCD600EE90EA /* NftByIdRequest.swift in Sources */,
				91013CC72BC7D26800105D5E /* FavoritesNFTPresenter.swift in Sources */,
				F0CAAC9E2BD98B120042C2C4 /* CartService.swift in Sources */,
				E19CD5AB2A98B56600CA39A5 /* NftImageCollectionViewCell.swift in Sources */,
				F02852BA2BD1B41A00688074 /* ViewBuilder.swift in Sources */,
				F00DF4B92BB3351600825462 /* UsersRequest.swift in Sources */,
				0CF2C2E12A784C7000FDC837 /* LinePageControl.swift in Sources */,
				3F6806D329CBBE9600B4F915 /* NetworkRequest.swift in Sources */,
				91995DF82BC3BE1B007F51C7 /* ProfileStorage.swift in Sources */,
				91013CD12BCFA36100105D5E /* EditProfileContract.swift in Sources */,
				91995DE92BBBF8FD007F51C7 /* FavoritesNFTViewController.swift in Sources */,
				F0E68FC22BC3093F0032AD69 /* UserCardPresenter.swift in Sources */,
				F0E68FC42BC31D710032AD69 /* UserCardViewProtocol.swift in Sources */,
				0CFCB7492A7808900009A829 /* TestCatalogController.swift in Sources */,
				F00DF4B72BB21DE000825462 /* User.swift in Sources */,
				3F6806D129CBBE6B00B4F915 /* NetworkClient.swift in Sources */,
				79143C752BB8A787007E2AAB /* UIImage+Extensions.swift in Sources */,
				0CFCB7442A7802440009A829 /* NftDetailInput.swift in Sources */,
				91995DE42BB81F28007F51C7 /* MyNFTViewController.swift in Sources */,
				0C79EE632A76DD1900EE90EA /* RequestConstants.swift in Sources */,
			);
			runOnlyForDeploymentPostprocessing = 0;
		};
		3F6806A529CBBAF200B4F915 /* Sources */ = {
			isa = PBXSourcesBuildPhase;
			buildActionMask = 2147483647;
			files = (
				F02852AA2BD05D6A00688074 /* StatisticsViewTests.swift in Sources */,
				3F6806AE29CBBAF200B4F915 /* ExampleUnitTests.swift in Sources */,
				F02852AE2BD065A200688074 /* StatlogMock.swift in Sources */,
				F02852B22BD072C700688074 /* UserCardPresenterTests.swift in Sources */,
				F02852A52BCED82800688074 /* StatisticsViewControllerMock.swift in Sources */,
				F02852A32BCED7DC00688074 /* StatisticsPresenterTests.swift in Sources */,
				F02852A72BCEDC4A00688074 /* ServiceMock.swift in Sources */,
				F02852B82BD186F000688074 /* UserCardPresenterMock.swift in Sources */,
				F02852B62BD185DD00688074 /* UserCardViewTests.swift in Sources */,
				F02852AC2BD05F7B00688074 /* StatisticsPresenterMock.swift in Sources */,
				F02852B42BD073C400688074 /* UserCardViewMock.swift in Sources */,
			);
			runOnlyForDeploymentPostprocessing = 0;
		};
		3F6806AF29CBBAF200B4F915 /* Sources */ = {
			isa = PBXSourcesBuildPhase;
			buildActionMask = 2147483647;
			files = (
				3F6806B829CBBAF200B4F915 /* FakeNFTUITests.swift in Sources */,
			);
			runOnlyForDeploymentPostprocessing = 0;
		};
/* End PBXSourcesBuildPhase section */

/* Begin PBXTargetDependency section */
		3F6806AB29CBBAF200B4F915 /* PBXTargetDependency */ = {
			isa = PBXTargetDependency;
			target = 3F68069229CBBAF100B4F915 /* FakeNFT */;
			targetProxy = 3F6806AA29CBBAF200B4F915 /* PBXContainerItemProxy */;
		};
		3F6806B529CBBAF200B4F915 /* PBXTargetDependency */ = {
			isa = PBXTargetDependency;
			target = 3F68069229CBBAF100B4F915 /* FakeNFT */;
			targetProxy = 3F6806B429CBBAF200B4F915 /* PBXContainerItemProxy */;
		};
/* End PBXTargetDependency section */

/* Begin PBXVariantGroup section */
		3F6806A129CBBAF200B4F915 /* LaunchScreen.storyboard */ = {
			isa = PBXVariantGroup;
			children = (
				3F6806A229CBBAF200B4F915 /* Base */,
			);
			name = LaunchScreen.storyboard;
			sourceTree = "<group>";
		};
		794363242BB7EEBD00F3F527 /* Localizable.strings */ = {
			isa = PBXVariantGroup;
			children = (
				794363232BB7EEBD00F3F527 /* ru */,
			);
			name = Localizable.strings;
			sourceTree = "<group>";
		};
/* End PBXVariantGroup section */

/* Begin XCBuildConfiguration section */
		3F6806BB29CBBAF200B4F915 /* Debug */ = {
			isa = XCBuildConfiguration;
			buildSettings = {
				ALWAYS_SEARCH_USER_PATHS = NO;
				CLANG_ANALYZER_LOCALIZABILITY_NONLOCALIZED = YES;
				CLANG_ANALYZER_NONNULL = YES;
				CLANG_ANALYZER_NUMBER_OBJECT_CONVERSION = YES_AGGRESSIVE;
				CLANG_CXX_LANGUAGE_STANDARD = "gnu++20";
				CLANG_ENABLE_MODULES = YES;
				CLANG_ENABLE_OBJC_ARC = YES;
				CLANG_ENABLE_OBJC_WEAK = YES;
				CLANG_WARN_BLOCK_CAPTURE_AUTORELEASING = YES;
				CLANG_WARN_BOOL_CONVERSION = YES;
				CLANG_WARN_COMMA = YES;
				CLANG_WARN_CONSTANT_CONVERSION = YES;
				CLANG_WARN_DEPRECATED_OBJC_IMPLEMENTATIONS = YES;
				CLANG_WARN_DIRECT_OBJC_ISA_USAGE = YES_ERROR;
				CLANG_WARN_DOCUMENTATION_COMMENTS = YES;
				CLANG_WARN_EMPTY_BODY = YES;
				CLANG_WARN_ENUM_CONVERSION = YES;
				CLANG_WARN_INFINITE_RECURSION = YES;
				CLANG_WARN_INT_CONVERSION = YES;
				CLANG_WARN_NON_LITERAL_NULL_CONVERSION = YES;
				CLANG_WARN_OBJC_IMPLICIT_RETAIN_SELF = YES;
				CLANG_WARN_OBJC_LITERAL_CONVERSION = YES;
				CLANG_WARN_OBJC_ROOT_CLASS = YES_ERROR;
				CLANG_WARN_QUOTED_INCLUDE_IN_FRAMEWORK_HEADER = YES;
				CLANG_WARN_RANGE_LOOP_ANALYSIS = YES;
				CLANG_WARN_STRICT_PROTOTYPES = YES;
				CLANG_WARN_SUSPICIOUS_MOVE = YES;
				CLANG_WARN_UNGUARDED_AVAILABILITY = YES_AGGRESSIVE;
				CLANG_WARN_UNREACHABLE_CODE = YES;
				CLANG_WARN__DUPLICATE_METHOD_MATCH = YES;
				COPY_PHASE_STRIP = NO;
				DEBUG_INFORMATION_FORMAT = dwarf;
				ENABLE_STRICT_OBJC_MSGSEND = YES;
				ENABLE_TESTABILITY = YES;
				GCC_C_LANGUAGE_STANDARD = gnu11;
				GCC_DYNAMIC_NO_PIC = NO;
				GCC_NO_COMMON_BLOCKS = YES;
				GCC_OPTIMIZATION_LEVEL = 0;
				GCC_PREPROCESSOR_DEFINITIONS = (
					"DEBUG=1",
					"$(inherited)",
				);
				GCC_WARN_64_TO_32_BIT_CONVERSION = YES;
				GCC_WARN_ABOUT_RETURN_TYPE = YES_ERROR;
				GCC_WARN_UNDECLARED_SELECTOR = YES;
				GCC_WARN_UNINITIALIZED_AUTOS = YES_AGGRESSIVE;
				GCC_WARN_UNUSED_FUNCTION = YES;
				GCC_WARN_UNUSED_VARIABLE = YES;
				IPHONEOS_DEPLOYMENT_TARGET = 13.0;
				MTL_ENABLE_DEBUG_INFO = INCLUDE_SOURCE;
				MTL_FAST_MATH = YES;
				ONLY_ACTIVE_ARCH = YES;
				SDKROOT = iphoneos;
				SWIFT_ACTIVE_COMPILATION_CONDITIONS = DEBUG;
				SWIFT_OPTIMIZATION_LEVEL = "-Onone";
			};
			name = Debug;
		};
		3F6806BC29CBBAF200B4F915 /* Release */ = {
			isa = XCBuildConfiguration;
			buildSettings = {
				ALWAYS_SEARCH_USER_PATHS = NO;
				CLANG_ANALYZER_LOCALIZABILITY_NONLOCALIZED = YES;
				CLANG_ANALYZER_NONNULL = YES;
				CLANG_ANALYZER_NUMBER_OBJECT_CONVERSION = YES_AGGRESSIVE;
				CLANG_CXX_LANGUAGE_STANDARD = "gnu++20";
				CLANG_ENABLE_MODULES = YES;
				CLANG_ENABLE_OBJC_ARC = YES;
				CLANG_ENABLE_OBJC_WEAK = YES;
				CLANG_WARN_BLOCK_CAPTURE_AUTORELEASING = YES;
				CLANG_WARN_BOOL_CONVERSION = YES;
				CLANG_WARN_COMMA = YES;
				CLANG_WARN_CONSTANT_CONVERSION = YES;
				CLANG_WARN_DEPRECATED_OBJC_IMPLEMENTATIONS = YES;
				CLANG_WARN_DIRECT_OBJC_ISA_USAGE = YES_ERROR;
				CLANG_WARN_DOCUMENTATION_COMMENTS = YES;
				CLANG_WARN_EMPTY_BODY = YES;
				CLANG_WARN_ENUM_CONVERSION = YES;
				CLANG_WARN_INFINITE_RECURSION = YES;
				CLANG_WARN_INT_CONVERSION = YES;
				CLANG_WARN_NON_LITERAL_NULL_CONVERSION = YES;
				CLANG_WARN_OBJC_IMPLICIT_RETAIN_SELF = YES;
				CLANG_WARN_OBJC_LITERAL_CONVERSION = YES;
				CLANG_WARN_OBJC_ROOT_CLASS = YES_ERROR;
				CLANG_WARN_QUOTED_INCLUDE_IN_FRAMEWORK_HEADER = YES;
				CLANG_WARN_RANGE_LOOP_ANALYSIS = YES;
				CLANG_WARN_STRICT_PROTOTYPES = YES;
				CLANG_WARN_SUSPICIOUS_MOVE = YES;
				CLANG_WARN_UNGUARDED_AVAILABILITY = YES_AGGRESSIVE;
				CLANG_WARN_UNREACHABLE_CODE = YES;
				CLANG_WARN__DUPLICATE_METHOD_MATCH = YES;
				COPY_PHASE_STRIP = NO;
				DEBUG_INFORMATION_FORMAT = "dwarf-with-dsym";
				ENABLE_NS_ASSERTIONS = NO;
				ENABLE_STRICT_OBJC_MSGSEND = YES;
				GCC_C_LANGUAGE_STANDARD = gnu11;
				GCC_NO_COMMON_BLOCKS = YES;
				GCC_WARN_64_TO_32_BIT_CONVERSION = YES;
				GCC_WARN_ABOUT_RETURN_TYPE = YES_ERROR;
				GCC_WARN_UNDECLARED_SELECTOR = YES;
				GCC_WARN_UNINITIALIZED_AUTOS = YES_AGGRESSIVE;
				GCC_WARN_UNUSED_FUNCTION = YES;
				GCC_WARN_UNUSED_VARIABLE = YES;
				IPHONEOS_DEPLOYMENT_TARGET = 13.0;
				MTL_ENABLE_DEBUG_INFO = NO;
				MTL_FAST_MATH = YES;
				SDKROOT = iphoneos;
				SWIFT_COMPILATION_MODE = wholemodule;
				SWIFT_OPTIMIZATION_LEVEL = "-O";
				VALIDATE_PRODUCT = YES;
			};
			name = Release;
		};
		3F6806BE29CBBAF200B4F915 /* Debug */ = {
			isa = XCBuildConfiguration;
			baseConfigurationReference = F0DC7C331BC929C07CCBCEDF /* Pods-FakeNFT.debug.xcconfig */;
			buildSettings = {
				ASSETCATALOG_COMPILER_APPICON_NAME = AppIcon;
				ASSETCATALOG_COMPILER_GLOBAL_ACCENT_COLOR_NAME = AccentColor;
				CODE_SIGN_STYLE = Automatic;
				CURRENT_PROJECT_VERSION = 1;
				DEVELOPMENT_TEAM = FV5M76HD5M;
				GENERATE_INFOPLIST_FILE = YES;
				INFOPLIST_FILE = FakeNFT/Info.plist;
				INFOPLIST_KEY_UIApplicationSupportsIndirectInputEvents = YES;
				INFOPLIST_KEY_UILaunchStoryboardName = LaunchScreen;
				INFOPLIST_KEY_UISupportedInterfaceOrientations = UIInterfaceOrientationPortrait;
				IPHONEOS_DEPLOYMENT_TARGET = 13.0;
				LD_RUNPATH_SEARCH_PATHS = (
					"$(inherited)",
					"@executable_path/Frameworks",
				);
				MARKETING_VERSION = 1.0;
				PRODUCT_BUNDLE_IDENTIFIER = com.practicum.FakeNFT;
				PRODUCT_NAME = "$(TARGET_NAME)";
				SUPPORTED_PLATFORMS = "iphoneos iphonesimulator";
				SUPPORTS_MACCATALYST = NO;
				SWIFT_EMIT_LOC_STRINGS = YES;
				SWIFT_VERSION = 5.0;
				TARGETED_DEVICE_FAMILY = 1;
			};
			name = Debug;
		};
		3F6806BF29CBBAF200B4F915 /* Release */ = {
			isa = XCBuildConfiguration;
			baseConfigurationReference = ADCC72ECFD7EF8454934837B /* Pods-FakeNFT.release.xcconfig */;
			buildSettings = {
				ASSETCATALOG_COMPILER_APPICON_NAME = AppIcon;
				ASSETCATALOG_COMPILER_GLOBAL_ACCENT_COLOR_NAME = AccentColor;
				CODE_SIGN_STYLE = Automatic;
				CURRENT_PROJECT_VERSION = 1;
				DEVELOPMENT_TEAM = FV5M76HD5M;
				GENERATE_INFOPLIST_FILE = YES;
				INFOPLIST_FILE = FakeNFT/Info.plist;
				INFOPLIST_KEY_UIApplicationSupportsIndirectInputEvents = YES;
				INFOPLIST_KEY_UILaunchStoryboardName = LaunchScreen;
				INFOPLIST_KEY_UISupportedInterfaceOrientations = UIInterfaceOrientationPortrait;
				IPHONEOS_DEPLOYMENT_TARGET = 13.0;
				LD_RUNPATH_SEARCH_PATHS = (
					"$(inherited)",
					"@executable_path/Frameworks",
				);
				MARKETING_VERSION = 1.0;
				PRODUCT_BUNDLE_IDENTIFIER = com.practicum.FakeNFT;
				PRODUCT_NAME = "$(TARGET_NAME)";
				SUPPORTED_PLATFORMS = "iphoneos iphonesimulator";
				SUPPORTS_MACCATALYST = NO;
				SWIFT_EMIT_LOC_STRINGS = YES;
				SWIFT_VERSION = 5.0;
				TARGETED_DEVICE_FAMILY = 1;
			};
			name = Release;
		};
		3F6806C129CBBAF200B4F915 /* Debug */ = {
			isa = XCBuildConfiguration;
			baseConfigurationReference = 26A7F681412E8136EAAF4230 /* Pods-FakeNFTTests.debug.xcconfig */;
			buildSettings = {
				ALWAYS_EMBED_SWIFT_STANDARD_LIBRARIES = YES;
				BUNDLE_LOADER = "$(TEST_HOST)";
				CODE_SIGN_STYLE = Automatic;
				CURRENT_PROJECT_VERSION = 1;
				GENERATE_INFOPLIST_FILE = YES;
				IPHONEOS_DEPLOYMENT_TARGET = 16.2;
				MARKETING_VERSION = 1.0;
				PRODUCT_BUNDLE_IDENTIFIER = com.practicum.FakeNFTTests;
				PRODUCT_NAME = "$(TARGET_NAME)";
				SWIFT_EMIT_LOC_STRINGS = NO;
				SWIFT_VERSION = 5.0;
				TARGETED_DEVICE_FAMILY = "1,2";
				TEST_HOST = "$(BUILT_PRODUCTS_DIR)/FakeNFT.app/$(BUNDLE_EXECUTABLE_FOLDER_PATH)/FakeNFT";
			};
			name = Debug;
		};
		3F6806C229CBBAF200B4F915 /* Release */ = {
			isa = XCBuildConfiguration;
			baseConfigurationReference = A20858D3E93492B3C5FCA4CE /* Pods-FakeNFTTests.release.xcconfig */;
			buildSettings = {
				ALWAYS_EMBED_SWIFT_STANDARD_LIBRARIES = YES;
				BUNDLE_LOADER = "$(TEST_HOST)";
				CODE_SIGN_STYLE = Automatic;
				CURRENT_PROJECT_VERSION = 1;
				GENERATE_INFOPLIST_FILE = YES;
				IPHONEOS_DEPLOYMENT_TARGET = 16.2;
				MARKETING_VERSION = 1.0;
				PRODUCT_BUNDLE_IDENTIFIER = com.practicum.FakeNFTTests;
				PRODUCT_NAME = "$(TARGET_NAME)";
				SWIFT_EMIT_LOC_STRINGS = NO;
				SWIFT_VERSION = 5.0;
				TARGETED_DEVICE_FAMILY = "1,2";
				TEST_HOST = "$(BUILT_PRODUCTS_DIR)/FakeNFT.app/$(BUNDLE_EXECUTABLE_FOLDER_PATH)/FakeNFT";
			};
			name = Release;
		};
		3F6806C429CBBAF200B4F915 /* Debug */ = {
			isa = XCBuildConfiguration;
			baseConfigurationReference = 4B7270BDFC7C2FA8CCBBB473 /* Pods-FakeNFT-FakeNFTUITests.debug.xcconfig */;
			buildSettings = {
				ALWAYS_EMBED_SWIFT_STANDARD_LIBRARIES = YES;
				CODE_SIGN_STYLE = Automatic;
				CURRENT_PROJECT_VERSION = 1;
				GENERATE_INFOPLIST_FILE = YES;
				MARKETING_VERSION = 1.0;
				PRODUCT_BUNDLE_IDENTIFIER = com.practicum.FakeNFTUITests;
				PRODUCT_NAME = "$(TARGET_NAME)";
				SWIFT_EMIT_LOC_STRINGS = NO;
				SWIFT_VERSION = 5.0;
				TARGETED_DEVICE_FAMILY = "1,2";
				TEST_TARGET_NAME = FakeNFT;
			};
			name = Debug;
		};
		3F6806C529CBBAF200B4F915 /* Release */ = {
			isa = XCBuildConfiguration;
			baseConfigurationReference = C6EF87F9CB3D89E9DB34414D /* Pods-FakeNFT-FakeNFTUITests.release.xcconfig */;
			buildSettings = {
				ALWAYS_EMBED_SWIFT_STANDARD_LIBRARIES = YES;
				CODE_SIGN_STYLE = Automatic;
				CURRENT_PROJECT_VERSION = 1;
				GENERATE_INFOPLIST_FILE = YES;
				MARKETING_VERSION = 1.0;
				PRODUCT_BUNDLE_IDENTIFIER = com.practicum.FakeNFTUITests;
				PRODUCT_NAME = "$(TARGET_NAME)";
				SWIFT_EMIT_LOC_STRINGS = NO;
				SWIFT_VERSION = 5.0;
				TARGETED_DEVICE_FAMILY = "1,2";
				TEST_TARGET_NAME = FakeNFT;
			};
			name = Release;
		};
/* End XCBuildConfiguration section */

/* Begin XCConfigurationList section */
		3F68068E29CBBAF100B4F915 /* Build configuration list for PBXProject "FakeNFT" */ = {
			isa = XCConfigurationList;
			buildConfigurations = (
				3F6806BB29CBBAF200B4F915 /* Debug */,
				3F6806BC29CBBAF200B4F915 /* Release */,
			);
			defaultConfigurationIsVisible = 0;
			defaultConfigurationName = Release;
		};
		3F6806BD29CBBAF200B4F915 /* Build configuration list for PBXNativeTarget "FakeNFT" */ = {
			isa = XCConfigurationList;
			buildConfigurations = (
				3F6806BE29CBBAF200B4F915 /* Debug */,
				3F6806BF29CBBAF200B4F915 /* Release */,
			);
			defaultConfigurationIsVisible = 0;
			defaultConfigurationName = Release;
		};
		3F6806C029CBBAF200B4F915 /* Build configuration list for PBXNativeTarget "FakeNFTTests" */ = {
			isa = XCConfigurationList;
			buildConfigurations = (
				3F6806C129CBBAF200B4F915 /* Debug */,
				3F6806C229CBBAF200B4F915 /* Release */,
			);
			defaultConfigurationIsVisible = 0;
			defaultConfigurationName = Release;
		};
		3F6806C329CBBAF200B4F915 /* Build configuration list for PBXNativeTarget "FakeNFTUITests" */ = {
			isa = XCConfigurationList;
			buildConfigurations = (
				3F6806C429CBBAF200B4F915 /* Debug */,
				3F6806C529CBBAF200B4F915 /* Release */,
			);
			defaultConfigurationIsVisible = 0;
			defaultConfigurationName = Release;
		};
/* End XCConfigurationList section */

/* Begin XCRemoteSwiftPackageReference section */
		F0E68FB92BC086960032AD69 /* XCRemoteSwiftPackageReference "ProgressHUD" */ = {
			isa = XCRemoteSwiftPackageReference;
			repositoryURL = "https://github.com/relatedcode/ProgressHUD";
			requirement = {
				kind = upToNextMajorVersion;
				minimumVersion = 13.0.0;
			};
		};
		F0E68FBC2BC086EC0032AD69 /* XCRemoteSwiftPackageReference "Kingfisher" */ = {
			isa = XCRemoteSwiftPackageReference;
			repositoryURL = "https://github.com/onevcat/Kingfisher";
			requirement = {
				kind = upToNextMajorVersion;
				minimumVersion = 7.0.0;
			};
		};
/* End XCRemoteSwiftPackageReference section */

/* Begin XCSwiftPackageProductDependency section */
		F0E68FBA2BC086960032AD69 /* ProgressHUD */ = {
			isa = XCSwiftPackageProductDependency;
			package = F0E68FB92BC086960032AD69 /* XCRemoteSwiftPackageReference "ProgressHUD" */;
			productName = ProgressHUD;
		};
		F0E68FBD2BC086EC0032AD69 /* Kingfisher */ = {
			isa = XCSwiftPackageProductDependency;
			package = F0E68FBC2BC086EC0032AD69 /* XCRemoteSwiftPackageReference "Kingfisher" */;
			productName = Kingfisher;
		};
/* End XCSwiftPackageProductDependency section */
	};
	rootObject = 3F68068B29CBBAF100B4F915 /* Project object */;
}
